<?xml version="1.0" encoding="utf-8"?>
<Project ToolsVersion="4.0" xmlns="http://schemas.microsoft.com/developer/msbuild/2003">
  <ItemGroup>
    <Filter Include="src">
      <UniqueIdentifier>{4FC737F1-C7A5-4376-A066-2A32D752A2FF}</UniqueIdentifier>
      <Extensions>cpp;c;cc;cxx;c++;cppm;ixx;def;odl;idl;hpj;bat;asm;asmx</Extensions>
    </Filter>
    <Filter Include="resources">
      <UniqueIdentifier>{cc607bc1-6717-44f5-82f6-b46637f852cd}</UniqueIdentifier>
    </Filter>
    <Filter Include="src\ui">
      <UniqueIdentifier>{17b21c64-a8c2-468d-968b-2e43bea4718e}</UniqueIdentifier>
    </Filter>
    <Filter Include="src\lua">
      <UniqueIdentifier>{7f8528f2-a38d-496f-af5a-a618b59dff50}</UniqueIdentifier>
    </Filter>
    <Filter Include="src\features">
      <UniqueIdentifier>{3fc149d5-5807-49f3-bd8d-25fe0386b559}</UniqueIdentifier>
    </Filter>
  </ItemGroup>
  <ItemGroup>
    <ClCompile Include="src\main.cpp">
      <Filter>src</Filter>
    </ClCompile>
    <ClCompile Include="src\ui\ui.cpp">
      <Filter>src\ui</Filter>
    </ClCompile>
    <ClCompile Include="src\lua\lua.cpp">
      <Filter>src\lua</Filter>
    </ClCompile>
    <ClCompile Include="src\features\features.cpp">
      <Filter>src\features</Filter>
    </ClCompile>
  </ItemGroup>
  <ItemGroup>
    <ResourceCompile Include="resources\resources.rc">
      <Filter>resources</Filter>
    </ResourceCompile>
  </ItemGroup>
  <ItemGroup>
    <ClInclude Include="src\ui\ui.h">
      <Filter>src\ui</Filter>
    </ClInclude>
    <ClInclude Include="src\lua\lua.h">
      <Filter>src\lua</Filter>
    </ClInclude>
    <ClInclude Include="src\features\features.h">
      <Filter>src\features</Filter>
    </ClInclude>
  </ItemGroup>
</Project>