
Microsoft Visual Studio Solution File, Format Version 12.00
# Visual Studio Version 17
VisualStudioVersion = 17.8.34219.65
MinimumVisualStudioVersion = 10.0.40219.1
Project("{2150E333-8FDC-42A3-9474-1A3956D46DE8}") = "sdk", "sdk", "{65FA253D-D5EC-4C01-8B07-5D77193B427B}"
EndProject
Project("{8BC9CEB8-8B4A-11D0-8D11-00A0C91BC942}") = "null-sdk.static-linking", "third-party\null-sdk\null-sdk.static-linking.vcxproj", "{F7A10A5C-0FAE-424B-8F2B-6CC4E4D898D1}"
EndProject
Project("{2150E333-8FDC-42A3-9474-1A3956D46DE8}") = "render", "render", "{4EA35761-827F-454C-B27E-FDEFE6351691}"
EndProject
Project("{8BC9CEB8-8B4A-11D0-8D11-00A0C91BC942}") = "null-render.static-linking", "third-party\null-render\null-render.static-linking.vcxproj", "{4ABCF635-9767-40F9-989E-F0CDF5FB68AE}"
	ProjectSection(ProjectDependencies) = postProject
		{F7A10A5C-0FAE-424B-8F2B-6CC4E4D898D1} = {F7A10A5C-0FAE-424B-8F2B-6CC4E4D898D1}
	EndProjectSection
EndProject
Project("{8BC9CEB8-8B4A-11D0-8D11-00A0C91BC942}") = "null-render-backend-opengl3.static-linking", "third-party\null-render\backends\opengl3\null-render-backend-opengl3.static-linking.vcxproj", "{97A6B7AE-9878-4584-A0B8-15287DB604AC}"
	ProjectSection(ProjectDependencies) = postProject
		{4ABCF635-9767-40F9-989E-F0CDF5FB68AE} = {4ABCF635-9767-40F9-989E-F0CDF5FB68AE}
		{F7A10A5C-0FAE-424B-8F2B-6CC4E4D898D1} = {F7A10A5C-0FAE-424B-8F2B-6CC4E4D898D1}
	EndProjectSection
EndProject
Project("{8BC9CEB8-8B4A-11D0-8D11-00A0C91BC942}") = "null-render-backend-directx11.static-linking", "third-party\null-render\backends\directx11\null-render-backend-directx11.static-linking.vcxproj", "{D51AD3AE-DE95-488A-B202-A4192F685A59}"
	ProjectSection(ProjectDependencies) = postProject
		{4ABCF635-9767-40F9-989E-F0CDF5FB68AE} = {4ABCF635-9767-40F9-989E-F0CDF5FB68AE}
		{F7A10A5C-0FAE-424B-8F2B-6CC4E4D898D1} = {F7A10A5C-0FAE-424B-8F2B-6CC4E4D898D1}
	EndProjectSection
EndProject
Project("{8BC9CEB8-8B4A-11D0-8D11-00A0C91BC942}") = "null-render-backend-directx9.static-linking", "third-party\null-render\backends\directx9\null-render-backend-directx9.static-linking.vcxproj", "{95843DE7-57A5-4B57-B7F2-7A60B0115992}"
	ProjectSection(ProjectDependencies) = postProject
		{4ABCF635-9767-40F9-989E-F0CDF5FB68AE} = {4ABCF635-9767-40F9-989E-F0CDF5FB68AE}
		{F7A10A5C-0FAE-424B-8F2B-6CC4E4D898D1} = {F7A10A5C-0FAE-424B-8F2B-6CC4E4D898D1}
	EndProjectSection
EndProject
Project("{2150E333-8FDC-42A3-9474-1A3956D46DE8}") = "rmlui", "rmlui", "{7E61BA9C-5389-4A2A-94DC-B8E14201CA10}"
EndProject
Project("{2150E333-8FDC-42A3-9474-1A3956D46DE8}") = "Rml", "Rml", "{D12EE195-F3B6-44C5-B665-53A5C359EEC1}"
EndProject
Project("{8BC9CEB8-8B4A-11D0-8D11-00A0C91BC942}") = "RmlCore", "third-party\RmlUi\RmlCore\RmlCore.static-linking.vcxproj", "{E94BF49B-34B4-48AE-BA7C-93D8DD6BB795}"
EndProject
Project("{8BC9CEB8-8B4A-11D0-8D11-00A0C91BC942}") = "RmlDebugger.static-linking", "third-party\RmlUi\RmlDebugger\RmlDebugger.static-linking.vcxproj", "{DCBF6C5C-3D45-46A2-AFD7-99A5AD62696D}"
	ProjectSection(ProjectDependencies) = postProject
		{4ABCF635-9767-40F9-989E-F0CDF5FB68AE} = {4ABCF635-9767-40F9-989E-F0CDF5FB68AE}
		{E94BF49B-34B4-48AE-BA7C-93D8DD6BB795} = {E94BF49B-34B4-48AE-BA7C-93D8DD6BB795}
		{F7A10A5C-0FAE-424B-8F2B-6CC4E4D898D1} = {F7A10A5C-0FAE-424B-8F2B-6CC4E4D898D1}
	EndProjectSection
EndProject
Project("{8BC9CEB8-8B4A-11D0-8D11-00A0C91BC942}") = "RmlSvg.static-linking", "third-party\RmlUi\RmlSvg\RmlSvg.static-linking.vcxproj", "{F09A85B5-4798-44AB-B318-9713590E7FF4}"
	ProjectSection(ProjectDependencies) = postProject
		{E94BF49B-34B4-48AE-BA7C-93D8DD6BB795} = {E94BF49B-34B4-48AE-BA7C-93D8DD6BB795}
	EndProjectSection
EndProject
Project("{8BC9CEB8-8B4A-11D0-8D11-00A0C91BC942}") = "null-rmlui.static-linking", "null-rmlui.static-linking.vcxproj", "{220D4D11-15CC-489D-8D93-58CFE85348BD}"
	ProjectSection(ProjectDependencies) = postProject
		{4ABCF635-9767-40F9-989E-F0CDF5FB68AE} = {4ABCF635-9767-40F9-989E-F0CDF5FB68AE}
		{DCBF6C5C-3D45-46A2-AFD7-99A5AD62696D} = {DCBF6C5C-3D45-46A2-AFD7-99A5AD62696D}
		{E94BF49B-34B4-48AE-BA7C-93D8DD6BB795} = {E94BF49B-34B4-48AE-BA7C-93D8DD6BB795}
		{F09A85B5-4798-44AB-B318-9713590E7FF4} = {F09A85B5-4798-44AB-B318-9713590E7FF4}
		{F7A10A5C-0FAE-424B-8F2B-6CC4E4D898D1} = {F7A10A5C-0FAE-424B-8F2B-6CC4E4D898D1}
	EndProjectSection
EndProject
Project("{8BC9CEB8-8B4A-11D0-8D11-00A0C91BC942}") = "null-rmlui-renderer-directx9.static-linking", "render-interfaces\directx9\null-rmlui-renderer-directx9.static-linking.vcxproj", "{57FF0AC9-5ED6-4B00-96FE-D44F6F05A3A5}"
	ProjectSection(ProjectDependencies) = postProject
		{220D4D11-15CC-489D-8D93-58CFE85348BD} = {220D4D11-15CC-489D-8D93-58CFE85348BD}
		{4ABCF635-9767-40F9-989E-F0CDF5FB68AE} = {4ABCF635-9767-40F9-989E-F0CDF5FB68AE}
		{95843DE7-57A5-4B57-B7F2-7A60B0115992} = {95843DE7-57A5-4B57-B7F2-7A60B0115992}
		{E94BF49B-34B4-48AE-BA7C-93D8DD6BB795} = {E94BF49B-34B4-48AE-BA7C-93D8DD6BB795}
		{F7A10A5C-0FAE-424B-8F2B-6CC4E4D898D1} = {F7A10A5C-0FAE-424B-8F2B-6CC4E4D898D1}
	EndProjectSection
EndProject
Project("{8BC9CEB8-8B4A-11D0-8D11-00A0C91BC942}") = "null-rmlui-renderer-directx11.static-linking", "render-interfaces\directx11\null-rmlui-renderer-directx11.static-linking.vcxproj", "{6086E27B-CAD4-474C-8C53-89C5E1D49199}"
	ProjectSection(ProjectDependencies) = postProject
		{220D4D11-15CC-489D-8D93-58CFE85348BD} = {220D4D11-15CC-489D-8D93-58CFE85348BD}
		{4ABCF635-9767-40F9-989E-F0CDF5FB68AE} = {4ABCF635-9767-40F9-989E-F0CDF5FB68AE}
		{D51AD3AE-DE95-488A-B202-A4192F685A59} = {D51AD3AE-DE95-488A-B202-A4192F685A59}
		{E94BF49B-34B4-48AE-BA7C-93D8DD6BB795} = {E94BF49B-34B4-48AE-BA7C-93D8DD6BB795}
		{F7A10A5C-0FAE-424B-8F2B-6CC4E4D898D1} = {F7A10A5C-0FAE-424B-8F2B-6CC4E4D898D1}
	EndProjectSection
EndProject
Project("{8BC9CEB8-8B4A-11D0-8D11-00A0C91BC942}") = "null-rmlui-renderer-opengl3.static-linking", "render-interfaces\opengl3\null-rmlui-renderer-opengl3.static-linking.vcxproj", "{64527024-E33C-4590-AC2D-EB2BF9C8225D}"
	ProjectSection(ProjectDependencies) = postProject
		{220D4D11-15CC-489D-8D93-58CFE85348BD} = {220D4D11-15CC-489D-8D93-58CFE85348BD}
		{4ABCF635-9767-40F9-989E-F0CDF5FB68AE} = {4ABCF635-9767-40F9-989E-F0CDF5FB68AE}
		{97A6B7AE-9878-4584-A0B8-15287DB604AC} = {97A6B7AE-9878-4584-A0B8-15287DB604AC}
		{E94BF49B-34B4-48AE-BA7C-93D8DD6BB795} = {E94BF49B-34B4-48AE-BA7C-93D8DD6BB795}
		{F7A10A5C-0FAE-424B-8F2B-6CC4E4D898D1} = {F7A10A5C-0FAE-424B-8F2B-6CC4E4D898D1}
	EndProjectSection
EndProject
Project("{8BC9CEB8-8B4A-11D0-8D11-00A0C91BC942}") = "RmlLottie.static-linking", "third-party\RmlUi\RmlLottie\RmlLottie.static-linking.vcxproj", "{C859D46A-4AB7-41CC-98D3-9362605ED0C4}"
EndProject
Global
	GlobalSection(SolutionConfigurationPlatforms) = preSolution
		debug|x64 = debug|x64
		debug|x86 = debug|x86
		release|x64 = release|x64
		release|x86 = release|x86
	EndGlobalSection
	GlobalSection(ProjectConfigurationPlatforms) = postSolution
		{F7A10A5C-0FAE-424B-8F2B-6CC4E4D898D1}.debug|x64.ActiveCfg = debug|x64
		{F7A10A5C-0FAE-424B-8F2B-6CC4E4D898D1}.debug|x64.Build.0 = debug|x64
		{F7A10A5C-0FAE-424B-8F2B-6CC4E4D898D1}.debug|x86.ActiveCfg = debug|Win32
		{F7A10A5C-0FAE-424B-8F2B-6CC4E4D898D1}.debug|x86.Build.0 = debug|Win32
		{F7A10A5C-0FAE-424B-8F2B-6CC4E4D898D1}.release|x64.ActiveCfg = release|x64
		{F7A10A5C-0FAE-424B-8F2B-6CC4E4D898D1}.release|x64.Build.0 = release|x64
		{F7A10A5C-0FAE-424B-8F2B-6CC4E4D898D1}.release|x86.ActiveCfg = release|Win32
		{F7A10A5C-0FAE-424B-8F2B-6CC4E4D898D1}.release|x86.Build.0 = release|Win32
		{4ABCF635-9767-40F9-989E-F0CDF5FB68AE}.debug|x64.ActiveCfg = debug|x64
		{4ABCF635-9767-40F9-989E-F0CDF5FB68AE}.debug|x64.Build.0 = debug|x64
		{4ABCF635-9767-40F9-989E-F0CDF5FB68AE}.debug|x86.ActiveCfg = debug|Win32
		{4ABCF635-9767-40F9-989E-F0CDF5FB68AE}.debug|x86.Build.0 = debug|Win32
		{4ABCF635-9767-40F9-989E-F0CDF5FB68AE}.release|x64.ActiveCfg = release|x64
		{4ABCF635-9767-40F9-989E-F0CDF5FB68AE}.release|x64.Build.0 = release|x64
		{4ABCF635-9767-40F9-989E-F0CDF5FB68AE}.release|x86.ActiveCfg = release|Win32
		{4ABCF635-9767-40F9-989E-F0CDF5FB68AE}.release|x86.Build.0 = release|Win32
		{97A6B7AE-9878-4584-A0B8-15287DB604AC}.debug|x64.ActiveCfg = debug|x64
		{97A6B7AE-9878-4584-A0B8-15287DB604AC}.debug|x64.Build.0 = debug|x64
		{97A6B7AE-9878-4584-A0B8-15287DB604AC}.debug|x86.ActiveCfg = debug|Win32
		{97A6B7AE-9878-4584-A0B8-15287DB604AC}.debug|x86.Build.0 = debug|Win32
		{97A6B7AE-9878-4584-A0B8-15287DB604AC}.release|x64.ActiveCfg = release|x64
		{97A6B7AE-9878-4584-A0B8-15287DB604AC}.release|x64.Build.0 = release|x64
		{97A6B7AE-9878-4584-A0B8-15287DB604AC}.release|x86.ActiveCfg = release|Win32
		{97A6B7AE-9878-4584-A0B8-15287DB604AC}.release|x86.Build.0 = release|Win32
		{D51AD3AE-DE95-488A-B202-A4192F685A59}.debug|x64.ActiveCfg = debug|x64
		{D51AD3AE-DE95-488A-B202-A4192F685A59}.debug|x64.Build.0 = debug|x64
		{D51AD3AE-DE95-488A-B202-A4192F685A59}.debug|x86.ActiveCfg = debug|Win32
		{D51AD3AE-DE95-488A-B202-A4192F685A59}.debug|x86.Build.0 = debug|Win32
		{D51AD3AE-DE95-488A-B202-A4192F685A59}.release|x64.ActiveCfg = release|x64
		{D51AD3AE-DE95-488A-B202-A4192F685A59}.release|x64.Build.0 = release|x64
		{D51AD3AE-DE95-488A-B202-A4192F685A59}.release|x86.ActiveCfg = release|Win32
		{D51AD3AE-DE95-488A-B202-A4192F685A59}.release|x86.Build.0 = release|Win32
		{95843DE7-57A5-4B57-B7F2-7A60B0115992}.debug|x64.ActiveCfg = debug|x64
		{95843DE7-57A5-4B57-B7F2-7A60B0115992}.debug|x64.Build.0 = debug|x64
		{95843DE7-57A5-4B57-B7F2-7A60B0115992}.debug|x86.ActiveCfg = debug|Win32
		{95843DE7-57A5-4B57-B7F2-7A60B0115992}.debug|x86.Build.0 = debug|Win32
		{95843DE7-57A5-4B57-B7F2-7A60B0115992}.release|x64.ActiveCfg = release|x64
		{95843DE7-57A5-4B57-B7F2-7A60B0115992}.release|x64.Build.0 = release|x64
		{95843DE7-57A5-4B57-B7F2-7A60B0115992}.release|x86.ActiveCfg = release|Win32
		{95843DE7-57A5-4B57-B7F2-7A60B0115992}.release|x86.Build.0 = release|Win32
		{E94BF49B-34B4-48AE-BA7C-93D8DD6BB795}.debug|x64.ActiveCfg = debug|x64
		{E94BF49B-34B4-48AE-BA7C-93D8DD6BB795}.debug|x64.Build.0 = debug|x64
		{E94BF49B-34B4-48AE-BA7C-93D8DD6BB795}.debug|x86.ActiveCfg = debug|Win32
		{E94BF49B-34B4-48AE-BA7C-93D8DD6BB795}.debug|x86.Build.0 = debug|Win32
		{E94BF49B-34B4-48AE-BA7C-93D8DD6BB795}.release|x64.ActiveCfg = release|x64
		{E94BF49B-34B4-48AE-BA7C-93D8DD6BB795}.release|x64.Build.0 = release|x64
		{E94BF49B-34B4-48AE-BA7C-93D8DD6BB795}.release|x86.ActiveCfg = release|Win32
		{E94BF49B-34B4-48AE-BA7C-93D8DD6BB795}.release|x86.Build.0 = release|Win32
		{DCBF6C5C-3D45-46A2-AFD7-99A5AD62696D}.debug|x64.ActiveCfg = debug|x64
		{DCBF6C5C-3D45-46A2-AFD7-99A5AD62696D}.debug|x64.Build.0 = debug|x64
		{DCBF6C5C-3D45-46A2-AFD7-99A5AD62696D}.debug|x86.ActiveCfg = debug|Win32
		{DCBF6C5C-3D45-46A2-AFD7-99A5AD62696D}.debug|x86.Build.0 = debug|Win32
		{DCBF6C5C-3D45-46A2-AFD7-99A5AD62696D}.release|x64.ActiveCfg = release|x64
		{DCBF6C5C-3D45-46A2-AFD7-99A5AD62696D}.release|x64.Build.0 = release|x64
		{DCBF6C5C-3D45-46A2-AFD7-99A5AD62696D}.release|x86.ActiveCfg = release|Win32
		{DCBF6C5C-3D45-46A2-AFD7-99A5AD62696D}.release|x86.Build.0 = release|Win32
		{F09A85B5-4798-44AB-B318-9713590E7FF4}.debug|x64.ActiveCfg = debug|x64
		{F09A85B5-4798-44AB-B318-9713590E7FF4}.debug|x64.Build.0 = debug|x64
		{F09A85B5-4798-44AB-B318-9713590E7FF4}.debug|x86.ActiveCfg = debug|Win32
		{F09A85B5-4798-44AB-B318-9713590E7FF4}.debug|x86.Build.0 = debug|Win32
		{F09A85B5-4798-44AB-B318-9713590E7FF4}.release|x64.ActiveCfg = release|x64
		{F09A85B5-4798-44AB-B318-9713590E7FF4}.release|x64.Build.0 = release|x64
		{F09A85B5-4798-44AB-B318-9713590E7FF4}.release|x86.ActiveCfg = release|Win32
		{F09A85B5-4798-44AB-B318-9713590E7FF4}.release|x86.Build.0 = release|Win32
		{220D4D11-15CC-489D-8D93-58CFE85348BD}.debug|x64.ActiveCfg = debug|x64
		{220D4D11-15CC-489D-8D93-58CFE85348BD}.debug|x64.Build.0 = debug|x64
		{220D4D11-15CC-489D-8D93-58CFE85348BD}.debug|x86.ActiveCfg = debug|Win32
		{220D4D11-15CC-489D-8D93-58CFE85348BD}.debug|x86.Build.0 = debug|Win32
		{220D4D11-15CC-489D-8D93-58CFE85348BD}.release|x64.ActiveCfg = release|x64
		{220D4D11-15CC-489D-8D93-58CFE85348BD}.release|x64.Build.0 = release|x64
		{220D4D11-15CC-489D-8D93-58CFE85348BD}.release|x86.ActiveCfg = release|Win32
		{220D4D11-15CC-489D-8D93-58CFE85348BD}.release|x86.Build.0 = release|Win32
		{57FF0AC9-5ED6-4B00-96FE-D44F6F05A3A5}.debug|x64.ActiveCfg = debug|x64
		{57FF0AC9-5ED6-4B00-96FE-D44F6F05A3A5}.debug|x64.Build.0 = debug|x64
		{57FF0AC9-5ED6-4B00-96FE-D44F6F05A3A5}.debug|x86.ActiveCfg = debug|Win32
		{57FF0AC9-5ED6-4B00-96FE-D44F6F05A3A5}.debug|x86.Build.0 = debug|Win32
		{57FF0AC9-5ED6-4B00-96FE-D44F6F05A3A5}.release|x64.ActiveCfg = release|x64
		{57FF0AC9-5ED6-4B00-96FE-D44F6F05A3A5}.release|x64.Build.0 = release|x64
		{57FF0AC9-5ED6-4B00-96FE-D44F6F05A3A5}.release|x86.ActiveCfg = release|Win32
		{57FF0AC9-5ED6-4B00-96FE-D44F6F05A3A5}.release|x86.Build.0 = release|Win32
		{6086E27B-CAD4-474C-8C53-89C5E1D49199}.debug|x64.ActiveCfg = debug|x64
		{6086E27B-CAD4-474C-8C53-89C5E1D49199}.debug|x64.Build.0 = debug|x64
		{6086E27B-CAD4-474C-8C53-89C5E1D49199}.debug|x86.ActiveCfg = debug|Win32
		{6086E27B-CAD4-474C-8C53-89C5E1D49199}.debug|x86.Build.0 = debug|Win32
		{6086E27B-CAD4-474C-8C53-89C5E1D49199}.release|x64.ActiveCfg = release|x64
		{6086E27B-CAD4-474C-8C53-89C5E1D49199}.release|x64.Build.0 = release|x64
		{6086E27B-CAD4-474C-8C53-89C5E1D49199}.release|x86.ActiveCfg = release|Win32
		{6086E27B-CAD4-474C-8C53-89C5E1D49199}.release|x86.Build.0 = release|Win32
		{64527024-E33C-4590-AC2D-EB2BF9C8225D}.debug|x64.ActiveCfg = debug|x64
		{64527024-E33C-4590-AC2D-EB2BF9C8225D}.debug|x64.Build.0 = debug|x64
		{64527024-E33C-4590-AC2D-EB2BF9C8225D}.debug|x86.ActiveCfg = debug|Win32
		{64527024-E33C-4590-AC2D-EB2BF9C8225D}.debug|x86.Build.0 = debug|Win32
		{64527024-E33C-4590-AC2D-EB2BF9C8225D}.release|x64.ActiveCfg = release|x64
		{64527024-E33C-4590-AC2D-EB2BF9C8225D}.release|x64.Build.0 = release|x64
		{64527024-E33C-4590-AC2D-EB2BF9C8225D}.release|x86.ActiveCfg = release|Win32
		{64527024-E33C-4590-AC2D-EB2BF9C8225D}.release|x86.Build.0 = release|Win32
		{C859D46A-4AB7-41CC-98D3-9362605ED0C4}.debug|x64.ActiveCfg = debug|x64
		{C859D46A-4AB7-41CC-98D3-9362605ED0C4}.debug|x64.Build.0 = debug|x64
		{C859D46A-4AB7-41CC-98D3-9362605ED0C4}.debug|x86.ActiveCfg = debug|Win32
		{C859D46A-4AB7-41CC-98D3-9362605ED0C4}.debug|x86.Build.0 = debug|Win32
		{C859D46A-4AB7-41CC-98D3-9362605ED0C4}.release|x64.ActiveCfg = release|x64
		{C859D46A-4AB7-41CC-98D3-9362605ED0C4}.release|x64.Build.0 = release|x64
		{C859D46A-4AB7-41CC-98D3-9362605ED0C4}.release|x86.ActiveCfg = release|Win32
		{C859D46A-4AB7-41CC-98D3-9362605ED0C4}.release|x86.Build.0 = release|Win32
	EndGlobalSection
	GlobalSection(SolutionProperties) = preSolution
		HideSolutionNode = FALSE
	EndGlobalSection
	GlobalSection(NestedProjects) = preSolution
		{F7A10A5C-0FAE-424B-8F2B-6CC4E4D898D1} = {65FA253D-D5EC-4C01-8B07-5D77193B427B}
		{4ABCF635-9767-40F9-989E-F0CDF5FB68AE} = {4EA35761-827F-454C-B27E-FDEFE6351691}
		{97A6B7AE-9878-4584-A0B8-15287DB604AC} = {4EA35761-827F-454C-B27E-FDEFE6351691}
		{D51AD3AE-DE95-488A-B202-A4192F685A59} = {4EA35761-827F-454C-B27E-FDEFE6351691}
		{95843DE7-57A5-4B57-B7F2-7A60B0115992} = {4EA35761-827F-454C-B27E-FDEFE6351691}
		{D12EE195-F3B6-44C5-B665-53A5C359EEC1} = {7E61BA9C-5389-4A2A-94DC-B8E14201CA10}
		{E94BF49B-34B4-48AE-BA7C-93D8DD6BB795} = {D12EE195-F3B6-44C5-B665-53A5C359EEC1}
		{DCBF6C5C-3D45-46A2-AFD7-99A5AD62696D} = {D12EE195-F3B6-44C5-B665-53A5C359EEC1}
		{F09A85B5-4798-44AB-B318-9713590E7FF4} = {D12EE195-F3B6-44C5-B665-53A5C359EEC1}
		{220D4D11-15CC-489D-8D93-58CFE85348BD} = {7E61BA9C-5389-4A2A-94DC-B8E14201CA10}
		{57FF0AC9-5ED6-4B00-96FE-D44F6F05A3A5} = {7E61BA9C-5389-4A2A-94DC-B8E14201CA10}
		{6086E27B-CAD4-474C-8C53-89C5E1D49199} = {7E61BA9C-5389-4A2A-94DC-B8E14201CA10}
		{64527024-E33C-4590-AC2D-EB2BF9C8225D} = {7E61BA9C-5389-4A2A-94DC-B8E14201CA10}
		{C859D46A-4AB7-41CC-98D3-9362605ED0C4} = {D12EE195-F3B6-44C5-B665-53A5C359EEC1}
	EndGlobalSection
	GlobalSection(ExtensibilityGlobals) = postSolution
		SolutionGuid = {EEC7E854-E795-43C8-B6DB-65F24348D6A3}
	EndGlobalSection
EndGlobal
