<?xml version="1.0" encoding="utf-8"?>
<Project ToolsVersion="4.0" xmlns="http://schemas.microsoft.com/developer/msbuild/2003">
  <ItemGroup>
    <Filter Include="src">
      <UniqueIdentifier>{d11addc5-089b-4237-a3dd-c21f8f81dcf1}</UniqueIdentifier>
    </Filter>
    <Filter Include="src\compatibility">
      <UniqueIdentifier>{0bc36266-8ef6-46a5-936c-5c3415d3f6e6}</UniqueIdentifier>
    </Filter>
    <Filter Include="src\rmlui-implementation">
      <UniqueIdentifier>{e0f37d85-2d29-40d9-af23-13e542845f8a}</UniqueIdentifier>
    </Filter>
    <Filter Include="src\rmlui-implementation\backend">
      <UniqueIdentifier>{6160a0a5-6b9e-4785-ad78-79869acbc920}</UniqueIdentifier>
    </Filter>
    <Filter Include="src\rmlui-implementation\file-interface">
      <UniqueIdentifier>{19734107-5828-499c-8617-e8049b8827a5}</UniqueIdentifier>
    </Filter>
    <Filter Include="src\rmlui-implementation\file-interface\loaders">
      <UniqueIdentifier>{8177076d-6d90-4f53-896b-1291aead2531}</UniqueIdentifier>
    </Filter>
    <Filter Include="src\rmlui-implementation\render-interface">
      <UniqueIdentifier>{2b7aff8a-45b1-492c-a3f7-47123f421d64}</UniqueIdentifier>
    </Filter>
    <Filter Include="src\rmlui-implementation\system-interface">
      <UniqueIdentifier>{e37c2fed-55f7-427e-864d-ecc07f7ba987}</UniqueIdentifier>
    </Filter>
    <Filter Include="src\extensions">
      <UniqueIdentifier>{f32b4621-6f02-4524-8027-f21723ef9357}</UniqueIdentifier>
    </Filter>
    <Filter Include="src\extensions\linear-gradient-decorator">
      <UniqueIdentifier>{0b286ac0-b715-4f5e-a72c-480ea52ff14d}</UniqueIdentifier>
    </Filter>
    <Filter Include="src\extensions\quad-gradient-decorator">
      <UniqueIdentifier>{83ba2b5b-28a5-478c-80e6-cf459a44861a}</UniqueIdentifier>
    </Filter>
    <Filter Include="src\extensions\multiselect-element">
      <UniqueIdentifier>{9d385adb-60d8-44f0-a2af-7f95c9902ab3}</UniqueIdentifier>
    </Filter>
    <Filter Include="src\extensions\colorpicker-element">
      <UniqueIdentifier>{4d411ede-f420-47e7-a059-b19be71921cf}</UniqueIdentifier>
    </Filter>
    <Filter Include="src\rmlui-implementation\render-interface\interfaces">
      <UniqueIdentifier>{988a476f-7849-426b-a1dd-da5946de0714}</UniqueIdentifier>
    </Filter>
  </ItemGroup>
  <ItemGroup>
    <ClCompile Include="src\null-rmlui.cpp">
      <Filter>src</Filter>
    </ClCompile>
    <ClCompile Include="src\null-rmlui\rmlui-implementation\backend\backend.cpp">
      <Filter>src\rmlui-implementation\backend</Filter>
    </ClCompile>
    <ClCompile Include="src\null-rmlui\rmlui-implementation\file-interface\file-interface.cpp">
      <Filter>src\rmlui-implementation\file-interface</Filter>
    </ClCompile>
    <ClCompile Include="src\null-rmlui\rmlui-implementation\render-interface\render-interface.cpp">
      <Filter>src\rmlui-implementation\render-interface</Filter>
    </ClCompile>
    <ClCompile Include="src\null-rmlui\rmlui-implementation\system-interface\system-interface.cpp">
      <Filter>src\rmlui-implementation\system-interface</Filter>
    </ClCompile>
    <ClCompile Include="src\null-rmlui\extensions\colorpicker-element\colorpicker-element.cpp">
      <Filter>src\extensions\colorpicker-element</Filter>
    </ClCompile>
    <ClCompile Include="src\null-rmlui\extensions\linear-gradient-decorator\linear-gradient-decorator.cpp">
      <Filter>src\extensions\linear-gradient-decorator</Filter>
    </ClCompile>
    <ClCompile Include="src\null-rmlui\extensions\multiselect-element\multiselect-element.cpp">
      <Filter>src\extensions\multiselect-element</Filter>
    </ClCompile>
    <ClCompile Include="src\null-rmlui\extensions\quad-gradient-decorator\quad-gradient-decorator.cpp">
      <Filter>src\extensions\quad-gradient-decorator</Filter>
    </ClCompile>
  </ItemGroup>
  <ItemGroup>
    <ClInclude Include="src\null-rmlui.h">
      <Filter>src</Filter>
    </ClInclude>
    <ClInclude Include="src\null-rmlui\compatibility\color.h">
      <Filter>src\compatibility</Filter>
    </ClInclude>
    <ClInclude Include="src\null-rmlui\compatibility\vec2.h">
      <Filter>src\compatibility</Filter>
    </ClInclude>
    <ClInclude Include="src\null-rmlui\rmlui-implementation\backend\backend.h">
      <Filter>src\rmlui-implementation\backend</Filter>
    </ClInclude>
    <ClInclude Include="src\null-rmlui\rmlui-implementation\file-interface\file-interface.h">
      <Filter>src\rmlui-implementation\file-interface</Filter>
    </ClInclude>
    <ClInclude Include="src\null-rmlui\rmlui-implementation\file-interface\loaders\file-loader.h">
      <Filter>src\rmlui-implementation\file-interface\loaders</Filter>
    </ClInclude>
    <ClInclude Include="src\null-rmlui\rmlui-implementation\file-interface\loaders\resource-loader.h">
      <Filter>src\rmlui-implementation\file-interface\loaders</Filter>
    </ClInclude>
    <ClInclude Include="src\null-rmlui\rmlui-implementation\file-interface\loaders\default-file-loader.h">
      <Filter>src\rmlui-implementation\file-interface\loaders</Filter>
    </ClInclude>
    <ClInclude Include="src\null-rmlui\rmlui-implementation\render-interface\render-interface.h">
      <Filter>src\rmlui-implementation\render-interface</Filter>
    </ClInclude>
    <ClInclude Include="src\null-rmlui\rmlui-implementation\system-interface\system-interface.h">
      <Filter>src\rmlui-implementation\system-interface</Filter>
    </ClInclude>
    <ClInclude Include="src\null-rmlui\extensions\extensions.h">
      <Filter>src\extensions</Filter>
    </ClInclude>
    <ClInclude Include="src\null-rmlui\extensions\colorpicker-element\colorpicker-element.h">
      <Filter>src\extensions\colorpicker-element</Filter>
    </ClInclude>
    <ClInclude Include="src\null-rmlui\extensions\linear-gradient-decorator\linear-gradient-decorator.h">
      <Filter>src\extensions\linear-gradient-decorator</Filter>
    </ClInclude>
    <ClInclude Include="src\null-rmlui\extensions\multiselect-element\multiselect-element.h">
      <Filter>src\extensions\multiselect-element</Filter>
    </ClInclude>
    <ClInclude Include="src\null-rmlui\extensions\quad-gradient-decorator\quad-gradient-decorator.h">
      <Filter>src\extensions\quad-gradient-decorator</Filter>
    </ClInclude>
    <ClInclude Include="src\null-rmlui\rmlui-implementation\render-interface\interfaces\commands.h">
      <Filter>src\rmlui-implementation\render-interface\interfaces</Filter>
    </ClInclude>
    <ClInclude Include="src\null-rmlui\rmlui-implementation\render-interface\interfaces\mesh.h">
      <Filter>src\rmlui-implementation\render-interface\interfaces</Filter>
    </ClInclude>
    <ClInclude Include="src\null-rmlui\rmlui-implementation\render-interface\interfaces\shaders.h">
      <Filter>src\rmlui-implementation\render-interface\interfaces</Filter>
    </ClInclude>
  </ItemGroup>
  <ItemGroup>
    <None Include="README.md" />
  </ItemGroup>
</Project>