<?xml version="1.0" encoding="utf-8"?>
<Project ToolsVersion="4.0" xmlns="http://schemas.microsoft.com/developer/msbuild/2003">
  <ItemGroup>
    <Filter Include="src"/>
    <Filter Include="src\compatibility"/>
    <Filter Include="src\rmlui-implementation"/>
    <Filter Include="src\rmlui-implementation\backend"/>
    <Filter Include="src\rmlui-implementation\file-interface"/>
    <Filter Include="src\rmlui-implementation\file-interface\loaders"/>
    <Filter Include="src\rmlui-implementation\render-interface"/>
    <Filter Include="src\rmlui-implementation\system-interface"/>
    <Filter Include="src\extensions"/>
    <Filter Include="src\extensions\multiselect-element"/>
    <Filter Include="src\extensions\colorpicker-element"/>
    <Filter Include="src\rmlui-implementation\render-interface\interfaces"/>
    <Filter Include="src\rmlui-implementation\render-interface\interfaces\shaders"/>
    <Filter Include="src\rmlui-implementation\render-interface\post-processing"/>
    <Filter Include="src\rmlui-implementation\render-interface\post-processing\filters"/>
    <Filter Include="src\rmlui-implementation\render-interface\post-processing\filters\factory"/>
    <Filter Include="src\rmlui-implementation\render-interface\post-processing\filters\color-matrix-filter"/>
    <Filter Include="src\rmlui-implementation\render-interface\post-processing\filters\mask-image-filter"/>
    <Filter Include="src\rmlui-implementation\render-interface\post-processing\filters\passthrough-filter"/>
    <Filter Include="src\rmlui-implementation\render-interface\post-processing\filters\gradient-shader-filter"/>
    <Filter Include="src\rmlui-implementation\render-interface\post-processing\filters\blur-filter"/>
    <Filter Include="src\rmlui-implementation\render-interface\post-processing\filters\shadow-filter"/>
  </ItemGroup>

  <ItemGroup>
    <ClCompile Include="src\null-rmlui.cpp">
      <Filter>src</Filter>
    </ClCompile>
    <ClCompile Include="src\null-rmlui\rmlui-implementation\backend\backend.cpp">
      <Filter>src\rmlui-implementation\backend</Filter>
    </ClCompile>
    <ClCompile Include="src\null-rmlui\rmlui-implementation\file-interface\file-interface.cpp">
      <Filter>src\rmlui-implementation\file-interface</Filter>
    </ClCompile>
    <ClCompile Include="src\null-rmlui\rmlui-implementation\render-interface\render-interface.cpp">
      <Filter>src\rmlui-implementation\render-interface</Filter>
    </ClCompile>
    <ClCompile Include="src\null-rmlui\rmlui-implementation\system-interface\system-interface.cpp">
      <Filter>src\rmlui-implementation\system-interface</Filter>
    </ClCompile>
    <ClCompile Include="src\null-rmlui\extensions\colorpicker-element\colorpicker-element.cpp">
      <Filter>src\extensions\colorpicker-element</Filter>
    </ClCompile>
    <ClCompile Include="src\null-rmlui\extensions\multiselect-element\multiselect-element.cpp">
      <Filter>src\extensions\multiselect-element</Filter>
    </ClCompile>
    <ClCompile Include="src\null-rmlui\rmlui-implementation\render-interface\post-processing\layers.cpp">
      <Filter>src\rmlui-implementation\render-interface\post-processing</Filter>
    </ClCompile>
    <ClCompile Include="src\null-rmlui\rmlui-implementation\render-interface\post-processing\filters\factory\factory.cpp">
      <Filter>src\rmlui-implementation\render-interface\post-processing\filters\factory</Filter>
    </ClCompile>
    <ClCompile Include="src\null-rmlui\rmlui-implementation\render-interface\post-processing\filters\color-matrix-filter\color-matrix-filter.cpp">
      <Filter>src\rmlui-implementation\render-interface\post-processing\filters\color-matrix-filter</Filter>
    </ClCompile>
    <ClCompile Include="src\null-rmlui\rmlui-implementation\render-interface\post-processing\filters\passthrough-filter\passthrough-filter.cpp">
      <Filter>src\rmlui-implementation\render-interface\post-processing\filters\passthrough-filter</Filter>
    </ClCompile>
    <ClCompile Include="src\null-rmlui\rmlui-implementation\render-interface\post-processing\filters\mask-image-filter\mask-image-filter.cpp">
      <Filter>src\rmlui-implementation\render-interface\post-processing\filters\mask-image-filter</Filter>
    </ClCompile>
    <ClCompile Include="src\null-rmlui\rmlui-implementation\render-interface\post-processing\filters\gradient-filter\gradient-shader-filter.cpp">
      <Filter>src\rmlui-implementation\render-interface\post-processing\filters\gradient-shader-filter</Filter>
    </ClCompile>
    <ClCompile Include="src\null-rmlui\rmlui-implementation\render-interface\post-processing\filters\blur-filter\blur-filter.cpp">
      <Filter>src\rmlui-implementation\render-interface\post-processing\filters\blur-filter</Filter>
    </ClCompile>
    <ClCompile Include="src\null-rmlui\rmlui-implementation\render-interface\post-processing\filters\shadow-filter\shadow-filter.cpp">
      <Filter>src\rmlui-implementation\render-interface\post-processing\filters\shadow-filter</Filter>
    </ClCompile>
  </ItemGroup>

  <ItemGroup>
    <ClInclude Include="src\null-rmlui.h">
      <Filter>src</Filter>
    </ClInclude>
    <ClInclude Include="src\null-rmlui\compatibility\color.h">
      <Filter>src\compatibility</Filter>
    </ClInclude>
    <ClInclude Include="src\null-rmlui\compatibility\vec2.h">
      <Filter>src\compatibility</Filter>
    </ClInclude>
    <ClInclude Include="src\null-rmlui\rmlui-implementation\backend\backend.h">
      <Filter>src\rmlui-implementation\backend</Filter>
    </ClInclude>
    <ClInclude Include="src\null-rmlui\rmlui-implementation\file-interface\file-interface.h">
      <Filter>src\rmlui-implementation\file-interface</Filter>
    </ClInclude>
    <ClInclude Include="src\null-rmlui\rmlui-implementation\file-interface\loaders\file-loader.h">
      <Filter>src\rmlui-implementation\file-interface\loaders</Filter>
    </ClInclude>
    <ClInclude Include="src\null-rmlui\rmlui-implementation\file-interface\loaders\resource-loader.h">
      <Filter>src\rmlui-implementation\file-interface\loaders</Filter>
    </ClInclude>
    <ClInclude Include="src\null-rmlui\rmlui-implementation\file-interface\loaders\default-file-loader.h">
      <Filter>src\rmlui-implementation\file-interface\loaders</Filter>
    </ClInclude>
    <ClInclude Include="src\null-rmlui\rmlui-implementation\render-interface\render-interface.h">
      <Filter>src\rmlui-implementation\render-interface</Filter>
    </ClInclude>
    <ClInclude Include="src\null-rmlui\rmlui-implementation\system-interface\system-interface.h">
      <Filter>src\rmlui-implementation\system-interface</Filter>
    </ClInclude>
    <ClInclude Include="src\null-rmlui\extensions\extensions.h">
      <Filter>src\extensions</Filter>
    </ClInclude>
    <ClInclude Include="src\null-rmlui\extensions\colorpicker-element\colorpicker-element.h">
      <Filter>src\extensions\colorpicker-element</Filter>
    </ClInclude>
    <ClInclude Include="src\null-rmlui\extensions\multiselect-element\multiselect-element.h">
      <Filter>src\extensions\multiselect-element</Filter>
    </ClInclude>
    <ClInclude Include="src\null-rmlui\rmlui-implementation\render-interface\interfaces\mesh.h">
      <Filter>src\rmlui-implementation\render-interface\interfaces</Filter>
    </ClInclude>
    <ClInclude Include="src\null-rmlui\rmlui-implementation\render-interface\interfaces\shaders\color-matrix.h">
      <Filter>src\rmlui-implementation\render-interface\interfaces\shaders</Filter>
    </ClInclude>
    <ClInclude Include="src\null-rmlui\rmlui-implementation\render-interface\interfaces\shaders\drop-shadow.h">
      <Filter>src\rmlui-implementation\render-interface\interfaces\shaders</Filter>
    </ClInclude>
    <ClInclude Include="src\null-rmlui\rmlui-implementation\render-interface\interfaces\shaders\gradient.h">
      <Filter>src\rmlui-implementation\render-interface\interfaces\shaders</Filter>
    </ClInclude>
    <ClInclude Include="src\null-rmlui\rmlui-implementation\render-interface\interfaces\shaders\bliting.h">
      <Filter>src\rmlui-implementation\render-interface\interfaces\shaders</Filter>
    </ClInclude>
    <ClInclude Include="src\null-rmlui\rmlui-implementation\render-interface\interfaces\shaders\blend-mask.h">
      <Filter>src\rmlui-implementation\render-interface\interfaces\shaders</Filter>
    </ClInclude>
    <ClInclude Include="src\null-rmlui\rmlui-implementation\render-interface\interfaces\shaders\blur.h">
      <Filter>src\rmlui-implementation\render-interface\interfaces\shaders</Filter>
    </ClInclude>
    <ClInclude Include="src\null-rmlui\rmlui-implementation\render-interface\interfaces\shaders\color.h">
      <Filter>src\rmlui-implementation\render-interface\interfaces\shaders</Filter>
    </ClInclude>
    <ClInclude Include="src\null-rmlui\rmlui-implementation\render-interface\post-processing\layers.h">
      <Filter>src\rmlui-implementation\render-interface\post-processing</Filter>
    </ClInclude>
    <ClInclude Include="src\null-rmlui\rmlui-implementation\render-interface\post-processing\filters\factory\factory.h">
      <Filter>src\rmlui-implementation\render-interface\post-processing\filters\factory</Filter>
    </ClInclude>
    <ClInclude Include="src\null-rmlui\rmlui-implementation\render-interface\post-processing\filters\color-matrix-filter\color-matrix-filter.h">
      <Filter>src\rmlui-implementation\render-interface\post-processing\filters\color-matrix-filter</Filter>
    </ClInclude>
    <ClInclude Include="src\null-rmlui\rmlui-implementation\render-interface\post-processing\filters\passthrough-filter\passthrough-filter.h">
      <Filter>src\rmlui-implementation\render-interface\post-processing\filters\passthrough-filter</Filter>
    </ClInclude>
    <ClInclude Include="src\null-rmlui\rmlui-implementation\render-interface\post-processing\filters\mask-image-filter\mask-image-filter.h">
      <Filter>src\rmlui-implementation\render-interface\post-processing\filters\mask-image-filter</Filter>
    </ClInclude>
    <ClInclude Include="src\null-rmlui\rmlui-implementation\render-interface\post-processing\filters\gradient-filter\gradient-shader-filter.h">
      <Filter>src\rmlui-implementation\render-interface\post-processing\filters\gradient-shader-filter</Filter>
    </ClInclude>
    <ClInclude Include="src\null-rmlui\rmlui-implementation\render-interface\post-processing\filters\blur-filter\blur-filter.h">
      <Filter>src\rmlui-implementation\render-interface\post-processing\filters\blur-filter</Filter>
    </ClInclude>
    <ClInclude Include="src\null-rmlui\rmlui-implementation\render-interface\post-processing\filters\shadow-filter\shadow-filter.h">
      <Filter>src\rmlui-implementation\render-interface\post-processing\filters\shadow-filter</Filter>
    </ClInclude>
    <ClInclude Include="src\null-rmlui\compatibility\rect.h">
      <Filter>src\compatibility</Filter>
    </ClInclude>
    <ClInclude Include="src\null-rmlui\rmlui-implementation\render-interface\interfaces\shaders\texture.h">
      <Filter>src\rmlui-implementation\render-interface\interfaces\shaders</Filter>
    </ClInclude>
    <ClInclude Include="src\null-rmlui\compatibility\vec4.h">
      <Filter>src\compatibility</Filter>
    </ClInclude>
  </ItemGroup>
  
  <ItemGroup>
    <None Include="README.md" />
  </ItemGroup>
</Project>