
Microsoft Visual Studio Solution File, Format Version 12.00
# Visual Studio Version 17
VisualStudioVersion = 17.4.33213.308
MinimumVisualStudioVersion = 10.0.40219.1
Project("{8BC9CEB8-8B4A-11D0-8D11-00A0C91BC942}") = "null-rmlui", "null-rmlui.vcxproj", "{220D4D11-15CC-489D-8D93-58CFE85348BD}"
EndProject
Project("{2150E333-8FDC-42A3-9474-1A3956D46DE8}") = "third-party", "third-party", "{0E44340B-A1AF-405B-8692-E37BA47BE40F}"
EndProject
Project("{2150E333-8FDC-42A3-9474-1A3956D46DE8}") = "renderers", "renderers", "{E29A7E9A-A5AD-4262-ABF4-F407CA66C3B8}"
EndProject
Project("{2150E333-8FDC-42A3-9474-1A3956D46DE8}") = "examples", "examples", "{4F0E8130-A58B-44D3-AF2B-D88B217A8C36}"
EndProject
Project("{8BC9CEB8-8B4A-11D0-8D11-00A0C91BC942}") = "null-sdk", "third-party\null-sdk\null-sdk.vcxproj", "{F7A10A5C-0FAE-424B-8F2B-6CC4E4D898D1}"
EndProject
Project("{8BC9CEB8-8B4A-11D0-8D11-00A0C91BC942}") = "null-render", "third-party\null-render\null-render.vcxproj", "{4ABCF635-9767-40F9-989E-F0CDF5FB68AE}"
EndProject
Project("{8BC9CEB8-8B4A-11D0-8D11-00A0C91BC942}") = "directx9", "examples\directx9\directx9.vcxproj", "{425B752F-10FC-4E91-9478-77D6A199A9A3}"
EndProject
Project("{8BC9CEB8-8B4A-11D0-8D11-00A0C91BC942}") = "directx11", "examples\directx11\directx11.vcxproj", "{26A4C272-BED5-4D1E-A185-2D3BCC88B818}"
EndProject
Project("{8BC9CEB8-8B4A-11D0-8D11-00A0C91BC942}") = "opengl3", "examples\opengl3\opengl3.vcxproj", "{6A0DF21B-0EA1-4991-8C51-8ACDA29FF360}"
EndProject
Project("{8BC9CEB8-8B4A-11D0-8D11-00A0C91BC942}") = "null-render-backend-directx9", "third-party\null-render\backends\directx9\null-render-backend-directx9.vcxproj", "{95843DE7-57A5-4B57-B7F2-7A60B0115992}"
EndProject
Project("{8BC9CEB8-8B4A-11D0-8D11-00A0C91BC942}") = "null-render-backend-directx11", "third-party\null-render\backends\directx11\null-render-backend-directx11.vcxproj", "{D51AD3AE-DE95-488A-B202-A4192F685A59}"
EndProject
Project("{8BC9CEB8-8B4A-11D0-8D11-00A0C91BC942}") = "null-render-backend-opengl3", "third-party\null-render\backends\opengl3\null-render-backend-opengl3.vcxproj", "{97A6B7AE-9878-4584-A0B8-15287DB604AC}"
EndProject
Project("{8BC9CEB8-8B4A-11D0-8D11-00A0C91BC942}") = "null-rmlui-renderer-directx9", "render-interfaces\directx9\null-rmlui-renderer-directx9.vcxproj", "{57FF0AC9-5ED6-4B00-96FE-D44F6F05A3A5}"
EndProject
Project("{8BC9CEB8-8B4A-11D0-8D11-00A0C91BC942}") = "null-rmlui-renderer-directx11", "render-interfaces\directx11\null-rmlui-renderer-directx11.vcxproj", "{6086E27B-CAD4-474C-8C53-89C5E1D49199}"
EndProject
Project("{8BC9CEB8-8B4A-11D0-8D11-00A0C91BC942}") = "null-rmlui-renderer-opengl3", "render-interfaces\opengl3\null-rmlui-renderer-opengl3.vcxproj", "{64527024-E33C-4590-AC2D-EB2BF9C8225D}"
EndProject
Global
	GlobalSection(SolutionConfigurationPlatforms) = preSolution
		debug|x64 = debug|x64
		debug|x86 = debug|x86
		release|x64 = release|x64
		release|x86 = release|x86
	EndGlobalSection
	GlobalSection(ProjectConfigurationPlatforms) = postSolution
		{220D4D11-15CC-489D-8D93-58CFE85348BD}.debug|x64.ActiveCfg = debug|x64
		{220D4D11-15CC-489D-8D93-58CFE85348BD}.debug|x64.Build.0 = debug|x64
		{220D4D11-15CC-489D-8D93-58CFE85348BD}.debug|x86.ActiveCfg = debug|Win32
		{220D4D11-15CC-489D-8D93-58CFE85348BD}.debug|x86.Build.0 = debug|Win32
		{220D4D11-15CC-489D-8D93-58CFE85348BD}.release|x64.ActiveCfg = release|x64
		{220D4D11-15CC-489D-8D93-58CFE85348BD}.release|x64.Build.0 = release|x64
		{220D4D11-15CC-489D-8D93-58CFE85348BD}.release|x86.ActiveCfg = release|Win32
		{220D4D11-15CC-489D-8D93-58CFE85348BD}.release|x86.Build.0 = release|Win32
		{F7A10A5C-0FAE-424B-8F2B-6CC4E4D898D1}.debug|x64.ActiveCfg = debug|x64
		{F7A10A5C-0FAE-424B-8F2B-6CC4E4D898D1}.debug|x64.Build.0 = debug|x64
		{F7A10A5C-0FAE-424B-8F2B-6CC4E4D898D1}.debug|x86.ActiveCfg = debug|Win32
		{F7A10A5C-0FAE-424B-8F2B-6CC4E4D898D1}.debug|x86.Build.0 = debug|Win32
		{F7A10A5C-0FAE-424B-8F2B-6CC4E4D898D1}.release|x64.ActiveCfg = release|x64
		{F7A10A5C-0FAE-424B-8F2B-6CC4E4D898D1}.release|x64.Build.0 = release|x64
		{F7A10A5C-0FAE-424B-8F2B-6CC4E4D898D1}.release|x86.ActiveCfg = release|Win32
		{F7A10A5C-0FAE-424B-8F2B-6CC4E4D898D1}.release|x86.Build.0 = release|Win32
		{4ABCF635-9767-40F9-989E-F0CDF5FB68AE}.debug|x64.ActiveCfg = debug|x64
		{4ABCF635-9767-40F9-989E-F0CDF5FB68AE}.debug|x64.Build.0 = debug|x64
		{4ABCF635-9767-40F9-989E-F0CDF5FB68AE}.debug|x86.ActiveCfg = debug|Win32
		{4ABCF635-9767-40F9-989E-F0CDF5FB68AE}.debug|x86.Build.0 = debug|Win32
		{4ABCF635-9767-40F9-989E-F0CDF5FB68AE}.release|x64.ActiveCfg = release|x64
		{4ABCF635-9767-40F9-989E-F0CDF5FB68AE}.release|x64.Build.0 = release|x64
		{4ABCF635-9767-40F9-989E-F0CDF5FB68AE}.release|x86.ActiveCfg = release|Win32
		{4ABCF635-9767-40F9-989E-F0CDF5FB68AE}.release|x86.Build.0 = release|Win32
		{425B752F-10FC-4E91-9478-77D6A199A9A3}.debug|x64.ActiveCfg = debug|x64
		{425B752F-10FC-4E91-9478-77D6A199A9A3}.debug|x64.Build.0 = debug|x64
		{425B752F-10FC-4E91-9478-77D6A199A9A3}.debug|x86.ActiveCfg = debug|Win32
		{425B752F-10FC-4E91-9478-77D6A199A9A3}.debug|x86.Build.0 = debug|Win32
		{425B752F-10FC-4E91-9478-77D6A199A9A3}.release|x64.ActiveCfg = release|x64
		{425B752F-10FC-4E91-9478-77D6A199A9A3}.release|x64.Build.0 = release|x64
		{425B752F-10FC-4E91-9478-77D6A199A9A3}.release|x86.ActiveCfg = release|Win32
		{425B752F-10FC-4E91-9478-77D6A199A9A3}.release|x86.Build.0 = release|Win32
		{26A4C272-BED5-4D1E-A185-2D3BCC88B818}.debug|x64.ActiveCfg = debug|x64
		{26A4C272-BED5-4D1E-A185-2D3BCC88B818}.debug|x64.Build.0 = debug|x64
		{26A4C272-BED5-4D1E-A185-2D3BCC88B818}.debug|x86.ActiveCfg = debug|Win32
		{26A4C272-BED5-4D1E-A185-2D3BCC88B818}.debug|x86.Build.0 = debug|Win32
		{26A4C272-BED5-4D1E-A185-2D3BCC88B818}.release|x64.ActiveCfg = release|x64
		{26A4C272-BED5-4D1E-A185-2D3BCC88B818}.release|x64.Build.0 = release|x64
		{26A4C272-BED5-4D1E-A185-2D3BCC88B818}.release|x86.ActiveCfg = release|Win32
		{26A4C272-BED5-4D1E-A185-2D3BCC88B818}.release|x86.Build.0 = release|Win32
		{6A0DF21B-0EA1-4991-8C51-8ACDA29FF360}.debug|x64.ActiveCfg = debug|x64
		{6A0DF21B-0EA1-4991-8C51-8ACDA29FF360}.debug|x64.Build.0 = debug|x64
		{6A0DF21B-0EA1-4991-8C51-8ACDA29FF360}.debug|x86.ActiveCfg = debug|Win32
		{6A0DF21B-0EA1-4991-8C51-8ACDA29FF360}.debug|x86.Build.0 = debug|Win32
		{6A0DF21B-0EA1-4991-8C51-8ACDA29FF360}.release|x64.ActiveCfg = release|x64
		{6A0DF21B-0EA1-4991-8C51-8ACDA29FF360}.release|x64.Build.0 = release|x64
		{6A0DF21B-0EA1-4991-8C51-8ACDA29FF360}.release|x86.ActiveCfg = release|Win32
		{6A0DF21B-0EA1-4991-8C51-8ACDA29FF360}.release|x86.Build.0 = release|Win32
		{95843DE7-57A5-4B57-B7F2-7A60B0115992}.debug|x64.ActiveCfg = debug|x64
		{95843DE7-57A5-4B57-B7F2-7A60B0115992}.debug|x64.Build.0 = debug|x64
		{95843DE7-57A5-4B57-B7F2-7A60B0115992}.debug|x86.ActiveCfg = debug|Win32
		{95843DE7-57A5-4B57-B7F2-7A60B0115992}.debug|x86.Build.0 = debug|Win32
		{95843DE7-57A5-4B57-B7F2-7A60B0115992}.release|x64.ActiveCfg = release|x64
		{95843DE7-57A5-4B57-B7F2-7A60B0115992}.release|x64.Build.0 = release|x64
		{95843DE7-57A5-4B57-B7F2-7A60B0115992}.release|x86.ActiveCfg = release|Win32
		{95843DE7-57A5-4B57-B7F2-7A60B0115992}.release|x86.Build.0 = release|Win32
		{D51AD3AE-DE95-488A-B202-A4192F685A59}.debug|x64.ActiveCfg = debug|x64
		{D51AD3AE-DE95-488A-B202-A4192F685A59}.debug|x64.Build.0 = debug|x64
		{D51AD3AE-DE95-488A-B202-A4192F685A59}.debug|x86.ActiveCfg = debug|Win32
		{D51AD3AE-DE95-488A-B202-A4192F685A59}.debug|x86.Build.0 = debug|Win32
		{D51AD3AE-DE95-488A-B202-A4192F685A59}.release|x64.ActiveCfg = release|x64
		{D51AD3AE-DE95-488A-B202-A4192F685A59}.release|x64.Build.0 = release|x64
		{D51AD3AE-DE95-488A-B202-A4192F685A59}.release|x86.ActiveCfg = release|Win32
		{D51AD3AE-DE95-488A-B202-A4192F685A59}.release|x86.Build.0 = release|Win32
		{97A6B7AE-9878-4584-A0B8-15287DB604AC}.debug|x64.ActiveCfg = debug|x64
		{97A6B7AE-9878-4584-A0B8-15287DB604AC}.debug|x64.Build.0 = debug|x64
		{97A6B7AE-9878-4584-A0B8-15287DB604AC}.debug|x86.ActiveCfg = debug|Win32
		{97A6B7AE-9878-4584-A0B8-15287DB604AC}.debug|x86.Build.0 = debug|Win32
		{97A6B7AE-9878-4584-A0B8-15287DB604AC}.release|x64.ActiveCfg = release|x64
		{97A6B7AE-9878-4584-A0B8-15287DB604AC}.release|x64.Build.0 = release|x64
		{97A6B7AE-9878-4584-A0B8-15287DB604AC}.release|x86.ActiveCfg = release|Win32
		{97A6B7AE-9878-4584-A0B8-15287DB604AC}.release|x86.Build.0 = release|Win32
		{57FF0AC9-5ED6-4B00-96FE-D44F6F05A3A5}.debug|x64.ActiveCfg = debug|x64
		{57FF0AC9-5ED6-4B00-96FE-D44F6F05A3A5}.debug|x64.Build.0 = debug|x64
		{57FF0AC9-5ED6-4B00-96FE-D44F6F05A3A5}.debug|x86.ActiveCfg = debug|Win32
		{57FF0AC9-5ED6-4B00-96FE-D44F6F05A3A5}.debug|x86.Build.0 = debug|Win32
		{57FF0AC9-5ED6-4B00-96FE-D44F6F05A3A5}.release|x64.ActiveCfg = release|x64
		{57FF0AC9-5ED6-4B00-96FE-D44F6F05A3A5}.release|x64.Build.0 = release|x64
		{57FF0AC9-5ED6-4B00-96FE-D44F6F05A3A5}.release|x86.ActiveCfg = release|Win32
		{57FF0AC9-5ED6-4B00-96FE-D44F6F05A3A5}.release|x86.Build.0 = release|Win32
		{6086E27B-CAD4-474C-8C53-89C5E1D49199}.debug|x64.ActiveCfg = debug|x64
		{6086E27B-CAD4-474C-8C53-89C5E1D49199}.debug|x64.Build.0 = debug|x64
		{6086E27B-CAD4-474C-8C53-89C5E1D49199}.debug|x86.ActiveCfg = debug|Win32
		{6086E27B-CAD4-474C-8C53-89C5E1D49199}.debug|x86.Build.0 = debug|Win32
		{6086E27B-CAD4-474C-8C53-89C5E1D49199}.release|x64.ActiveCfg = release|x64
		{6086E27B-CAD4-474C-8C53-89C5E1D49199}.release|x64.Build.0 = release|x64
		{6086E27B-CAD4-474C-8C53-89C5E1D49199}.release|x86.ActiveCfg = release|Win32
		{6086E27B-CAD4-474C-8C53-89C5E1D49199}.release|x86.Build.0 = release|Win32
		{64527024-E33C-4590-AC2D-EB2BF9C8225D}.debug|x64.ActiveCfg = debug|x64
		{64527024-E33C-4590-AC2D-EB2BF9C8225D}.debug|x64.Build.0 = debug|x64
		{64527024-E33C-4590-AC2D-EB2BF9C8225D}.debug|x86.ActiveCfg = debug|Win32
		{64527024-E33C-4590-AC2D-EB2BF9C8225D}.debug|x86.Build.0 = debug|Win32
		{64527024-E33C-4590-AC2D-EB2BF9C8225D}.release|x64.ActiveCfg = release|x64
		{64527024-E33C-4590-AC2D-EB2BF9C8225D}.release|x64.Build.0 = release|x64
		{64527024-E33C-4590-AC2D-EB2BF9C8225D}.release|x86.ActiveCfg = release|Win32
		{64527024-E33C-4590-AC2D-EB2BF9C8225D}.release|x86.Build.0 = release|Win32
	EndGlobalSection
	GlobalSection(SolutionProperties) = preSolution
		HideSolutionNode = FALSE
	EndGlobalSection
	GlobalSection(NestedProjects) = preSolution
		{F7A10A5C-0FAE-424B-8F2B-6CC4E4D898D1} = {0E44340B-A1AF-405B-8692-E37BA47BE40F}
		{4ABCF635-9767-40F9-989E-F0CDF5FB68AE} = {0E44340B-A1AF-405B-8692-E37BA47BE40F}
		{425B752F-10FC-4E91-9478-77D6A199A9A3} = {4F0E8130-A58B-44D3-AF2B-D88B217A8C36}
		{26A4C272-BED5-4D1E-A185-2D3BCC88B818} = {4F0E8130-A58B-44D3-AF2B-D88B217A8C36}
		{6A0DF21B-0EA1-4991-8C51-8ACDA29FF360} = {4F0E8130-A58B-44D3-AF2B-D88B217A8C36}
		{95843DE7-57A5-4B57-B7F2-7A60B0115992} = {0E44340B-A1AF-405B-8692-E37BA47BE40F}
		{D51AD3AE-DE95-488A-B202-A4192F685A59} = {0E44340B-A1AF-405B-8692-E37BA47BE40F}
		{97A6B7AE-9878-4584-A0B8-15287DB604AC} = {0E44340B-A1AF-405B-8692-E37BA47BE40F}
		{57FF0AC9-5ED6-4B00-96FE-D44F6F05A3A5} = {E29A7E9A-A5AD-4262-ABF4-F407CA66C3B8}
		{6086E27B-CAD4-474C-8C53-89C5E1D49199} = {E29A7E9A-A5AD-4262-ABF4-F407CA66C3B8}
		{64527024-E33C-4590-AC2D-EB2BF9C8225D} = {E29A7E9A-A5AD-4262-ABF4-F407CA66C3B8}
	EndGlobalSection
	GlobalSection(ExtensibilityGlobals) = postSolution
		SolutionGuid = {8D2E0DD0-212D-4DB5-A7FE-90DB0305BDA7}
	EndGlobalSection
EndGlobal
