<?xml version="1.0" encoding="utf-8"?>
<Project ToolsVersion="4.0" xmlns="http://schemas.microsoft.com/developer/msbuild/2003">
  <ItemGroup>
    <Filter Include="src">
      <UniqueIdentifier>{d11addc5-089b-4237-a3dd-c21f8f81dcf1}</UniqueIdentifier>
    </Filter>
    <Filter Include="src\comands">
      <UniqueIdentifier>{af383c31-b951-42e8-a2a6-d199cb9dffa8}</UniqueIdentifier>
    </Filter>
    <Filter Include="src\mesh">
      <UniqueIdentifier>{561327f7-6ad4-48d7-8fad-64e890e8b114}</UniqueIdentifier>
    </Filter>
    <Filter Include="src\shaders">
      <UniqueIdentifier>{20abda1a-df51-4a49-a982-f1d6f1cf80ad}</UniqueIdentifier>
    </Filter>
    <Filter Include="src\shaders\compiled-objects">
      <UniqueIdentifier>{ebcda1fc-3578-47fc-a401-a5011ec58346}</UniqueIdentifier>
    </Filter>
    <Filter Include="src\shaders\passthrough-color">
      <UniqueIdentifier>{ceb59cf2-0c8f-4412-b2e0-54d88b7e442a}</UniqueIdentifier>
    </Filter>
    <Filter Include="src\shaders\passthrough-texture">
      <UniqueIdentifier>{97dbcbb8-1f72-4024-8263-521433d2ab3a}</UniqueIdentifier>
    </Filter>
    <Filter Include="src\shaders\compiled-objects\passthrough">
      <UniqueIdentifier>{ad8c04f4-3c8a-4eed-b3cc-94835a4b0ee6}</UniqueIdentifier>
    </Filter>
    <Filter Include="src\shaders\compiled-objects\passthrough\hlsl">
      <UniqueIdentifier>{ade8f9b0-efe8-41a8-944c-cafb88801295}</UniqueIdentifier>
    </Filter>
  </ItemGroup>
  <ItemGroup>
    <ClInclude Include="src\null-rmlui-renderer-directx9.h">
      <Filter>src</Filter>
    </ClInclude>
    <ClInclude Include="src\shaders\compiled-objects\passthrough\passthrough.h">
      <Filter>src\shaders\compiled-objects\passthrough</Filter>
    </ClInclude>
    <ClInclude Include="src\shaders\passthrough-color\passthrough-color.h">
      <Filter>src\shaders\passthrough-color</Filter>
    </ClInclude>
    <ClInclude Include="src\shaders\passthrough-texture\passthrough-texture.h">
      <Filter>src\shaders\passthrough-texture</Filter>
    </ClInclude>
    <ClInclude Include="src\mesh\mesh.h">
      <Filter>src\mesh</Filter>
    </ClInclude>
    <ClInclude Include="src\comands\commands.h">
      <Filter>src\comands</Filter>
    </ClInclude>
  </ItemGroup>
  <ItemGroup>
    <FxCompile Include="src\shaders\compiled-objects\passthrough\hlsl\passthrough.hlsl">
      <Filter>src\shaders\compiled-objects\passthrough\hlsl</Filter>
    </FxCompile>
  </ItemGroup>
  <ItemGroup>
    <ClCompile Include="src\shaders\passthrough-color\passthrough-color.cpp">
      <Filter>src\shaders\passthrough-color</Filter>
    </ClCompile>
    <ClCompile Include="src\shaders\passthrough-texture\passthrough-texture.cpp">
      <Filter>src\shaders\passthrough-texture</Filter>
    </ClCompile>
    <ClCompile Include="src\mesh\mesh.cpp">
      <Filter>src\mesh</Filter>
    </ClCompile>
  </ItemGroup>
</Project>