<?xml version="1.0" encoding="utf-8"?>
<Project ToolsVersion="4.0" xmlns="http://schemas.microsoft.com/developer/msbuild/2003">
  <ItemGroup>
    <Filter Include="src">
      <UniqueIdentifier>{d11addc5-089b-4237-a3dd-c21f8f81dcf1}</UniqueIdentifier>
    </Filter>
    <Filter Include="src\commands">
      <UniqueIdentifier>{f2fbbf86-a2a6-4619-8fa9-0ec5def0c7e6}</UniqueIdentifier>
    </Filter>
    <Filter Include="src\mesh">
      <UniqueIdentifier>{71e7f982-1139-417c-94ea-f2ee22f3f1b3}</UniqueIdentifier>
    </Filter>
  </ItemGroup>
  <ItemGroup>
    <ClInclude Include="src\null-rmlui-renderer-opengl3.h">
      <Filter>src</Filter>
    </ClInclude>
    <ClInclude Include="src\null-rmlui-renderer-opengl3\commands\commands.h">
      <Filter>src\commands</Filter>
    </ClInclude>
    <ClInclude Include="src\null-rmlui-renderer-opengl3\mesh\mesh.h">
      <Filter>src\mesh</Filter>
    </ClInclude>
  </ItemGroup>
  <ItemGroup>
    <ClCompile Include="src\null-rmlui-renderer-opengl3\mesh\mesh.cpp">
      <Filter>src\mesh</Filter>
    </ClCompile>
  </ItemGroup>
</Project>