<?xml version="1.0" encoding="utf-8"?>
<Project ToolsVersion="4.0" xmlns="http://schemas.microsoft.com/developer/msbuild/2003">
  <ItemGroup>
    <Filter Include="src" />
    <Filter Include="src\shaders" />
    <Filter Include="src\shaders\blend-mask" />
    <Filter Include="src\shaders\bliting" />
    <Filter Include="src\shaders\blur" />
    <Filter Include="src\shaders\color" />
    <Filter Include="src\shaders\color-matrix" />
    <Filter Include="src\shaders\drop-shadow" />
    <Filter Include="src\shaders\gradient" />
    <Filter Include="src\shaders\texture" />
    <Filter Include="src\shaders\color\hlsl" />
    <Filter Include="src\shaders\bliting\hlsl" />
    <Filter Include="src\shaders\color-matrix\hlsl" />
    <Filter Include="src\shaders\blend-mask\hlsl" />
    <Filter Include="src\shaders\gradient\hlsl" />
    <Filter Include="src\shaders\blur\hlsl" />
    <Filter Include="src\shaders\drop-shadow\hlsl" />
    <Filter Include="src\mesh-pool" />
  </ItemGroup>
  <ItemGroup>
    <ClCompile Include="src\null-rmlui-renderer-directx11.cpp">
      <Filter>src</Filter>
    </ClCompile>
    <ClCompile Include="src\null-rmlui-renderer-directx11\shaders\color\color.cpp">
      <Filter>src\shaders\color</Filter>
    </ClCompile>
    <ClCompile Include="src\null-rmlui-renderer-directx11\shaders\texture\texture.cpp">
      <Filter>src\shaders\texture</Filter>
    </ClCompile>
    <ClCompile Include="src\null-rmlui-renderer-directx11\shaders\bliting\bliting.cpp">
      <Filter>src\shaders\bliting</Filter>
    </ClCompile>
    <ClCompile Include="src\null-rmlui-renderer-directx11\shaders\color-matrix\color-matrix.cpp">
      <Filter>src\shaders\color-matrix</Filter>
    </ClCompile>
    <ClCompile Include="src\null-rmlui-renderer-directx11\shaders\gradient\gradient.cpp">
      <Filter>src\shaders\gradient</Filter>
    </ClCompile>
    <ClCompile Include="src\null-rmlui-renderer-directx11\shaders\blur\blur.cpp">
      <Filter>src\shaders\blur</Filter>
    </ClCompile>
    <ClCompile Include="src\null-rmlui-renderer-directx11\shaders\drop-shadow\drop-shadow.cpp">
      <Filter>src\shaders\drop-shadow</Filter>
    </ClCompile>
    <ClCompile Include="src\null-rmlui-renderer-directx11\mesh-pool\mesh-pool.cpp">
      <Filter>src\mesh-pool</Filter>
    </ClCompile>
  </ItemGroup>
  <ItemGroup>
    <ClInclude Include="src\null-rmlui-renderer-directx11.h">
      <Filter>src</Filter>
    </ClInclude>
    <ClInclude Include="src\null-rmlui-renderer-directx11\shaders\texture\texture.h">
      <Filter>src\shaders\texture</Filter>
    </ClInclude>
    <ClInclude Include="src\null-rmlui-renderer-directx11\shaders\color\color.h">
      <Filter>src\shaders\color</Filter>
    </ClInclude>
    <ClInclude Include="src\null-rmlui-renderer-directx11\shaders\color\compiled-object.h">
      <Filter>src\shaders\color</Filter>
    </ClInclude>
    <ClInclude Include="src\null-rmlui-renderer-directx11\shaders\bliting\bliting.h">
      <Filter>src\shaders\bliting</Filter>
    </ClInclude>
    <ClInclude Include="src\null-rmlui-renderer-directx11\shaders\bliting\compiled-object.h">
      <Filter>src\shaders\bliting</Filter>
    </ClInclude>
    <ClInclude Include="src\null-rmlui-renderer-directx11\shaders\color-matrix\color-matrix.h">
      <Filter>src\shaders\color-matrix</Filter>
    </ClInclude>
    <ClInclude Include="src\null-rmlui-renderer-directx11\shaders\color-matrix\compiled-object.h">
      <Filter>src\shaders\color-matrix</Filter>
    </ClInclude>
    <ClInclude Include="src\null-rmlui-renderer-directx11\shaders\blend-mask\blend-mask.h">
      <Filter>src\shaders\blend-mask</Filter>
    </ClInclude>
    <ClInclude Include="src\null-rmlui-renderer-directx11\shaders\blend-mask\compiled-object.h">
      <Filter>src\shaders\blend-mask</Filter>
    </ClInclude>
    <ClInclude Include="src\null-rmlui-renderer-directx11\shaders\gradient\gradient.h">
      <Filter>src\shaders\gradient</Filter>
    </ClInclude>
    <ClInclude Include="src\null-rmlui-renderer-directx11\shaders\gradient\compiled-object.h">
      <Filter>src\shaders\gradient</Filter>
    </ClInclude>
    <ClInclude Include="src\null-rmlui-renderer-directx11\shaders\blur\blur.h">
      <Filter>src\shaders\blur</Filter>
    </ClInclude>
    <ClInclude Include="src\null-rmlui-renderer-directx11\shaders\blur\compiled-object.h">
      <Filter>src\shaders\blur</Filter>
    </ClInclude>
    <ClInclude Include="src\null-rmlui-renderer-directx11\shaders\drop-shadow\drop-shadow.h">
      <Filter>src\shaders\drop-shadow</Filter>
    </ClInclude>
    <ClInclude Include="src\null-rmlui-renderer-directx11\shaders\drop-shadow\compiled-object.h">
      <Filter>src\shaders\drop-shadow</Filter>
    </ClInclude>
    <ClInclude Include="src\null-rmlui-renderer-directx11\mesh-pool\mesh-pool.h">
      <Filter>src\mesh-pool</Filter>
    </ClInclude>
  </ItemGroup>
  <ItemGroup>
    <FxCompile Include="src\null-rmlui-renderer-directx11\shaders\color\hlsl\color.hlsl">
      <Filter>src\shaders\color\hlsl</Filter>
    </FxCompile>
    <FxCompile Include="src\null-rmlui-renderer-directx11\shaders\bliting\hlsl\bliting.hlsl">
      <Filter>src\shaders\bliting\hlsl</Filter>
    </FxCompile>
    <FxCompile Include="src\null-rmlui-renderer-directx11\shaders\color-matrix\hlsl\color-matrix.hlsl">
      <Filter>src\shaders\color-matrix\hlsl</Filter>
    </FxCompile>
    <FxCompile Include="src\null-rmlui-renderer-directx11\shaders\blend-mask\hlsl\blend-mask.hlsl">
      <Filter>src\shaders\blend-mask\hlsl</Filter>
    </FxCompile>
    <FxCompile Include="src\null-rmlui-renderer-directx11\shaders\gradient\hlsl\gradient.hlsl">
      <Filter>src\shaders\gradient\hlsl</Filter>
    </FxCompile>
    <FxCompile Include="src\null-rmlui-renderer-directx11\shaders\blur\hlsl\blur-ps.hlsl">
      <Filter>src\shaders\blur\hlsl</Filter>
    </FxCompile>
    <FxCompile Include="src\null-rmlui-renderer-directx11\shaders\blur\hlsl\blur-vs.hlsl">
      <Filter>src\shaders\blur\hlsl</Filter>
    </FxCompile>
    <FxCompile Include="src\null-rmlui-renderer-directx11\shaders\drop-shadow\hlsl\drop-shadow.hlsl">
      <Filter>src\shaders\drop-shadow\hlsl</Filter>
    </FxCompile>
  </ItemGroup>
</Project>