<?xml version="1.0" encoding="utf-8"?>
<Project ToolsVersion="4.0" xmlns="http://schemas.microsoft.com/developer/msbuild/2003">
  <ItemGroup>
    <Filter Include="src">
      <UniqueIdentifier>{d11addc5-089b-4237-a3dd-c21f8f81dcf1}</UniqueIdentifier>
    </Filter>
    <Filter Include="src\commands">
      <UniqueIdentifier>{b56adb19-43ac-491b-abf0-717c91312b3d}</UniqueIdentifier>
    </Filter>
    <Filter Include="src\mesh">
      <UniqueIdentifier>{fc8cbc61-47a9-4f01-a0bc-4ebbce95b877}</UniqueIdentifier>
    </Filter>
  </ItemGroup>
  <ItemGroup>
    <ClCompile Include="src\null-rmlui-renderer-directx11.cpp">
      <Filter>src</Filter>
    </ClCompile>
    <ClCompile Include="src\null-rmlui-renderer-directx11\mesh\mesh.cpp">
      <Filter>src\mesh</Filter>
    </ClCompile>
  </ItemGroup>
  <ItemGroup>
    <ClInclude Include="src\null-rmlui-renderer-directx11.h">
      <Filter>src</Filter>
    </ClInclude>
    <ClInclude Include="src\null-rmlui-renderer-directx11\mesh\mesh.h">
      <Filter>src\mesh</Filter>
    </ClInclude>
    <ClInclude Include="src\null-rmlui-renderer-directx11\commands\commands.h">
      <Filter>src\commands</Filter>
    </ClInclude>
  </ItemGroup>
</Project>