<?xml version="1.0" encoding="utf-8"?>
<Project ToolsVersion="4.0" xmlns="http://schemas.microsoft.com/developer/msbuild/2003">
  <ItemGroup>
    <Filter Include="src">
      <UniqueIdentifier>{d11addc5-089b-4237-a3dd-c21f8f81dcf1}</UniqueIdentifier>
    </Filter>
    <Filter Include="src\mesh">
      <UniqueIdentifier>{561327f7-6ad4-48d7-8fad-64e890e8b114}</UniqueIdentifier>
    </Filter>
    <Filter Include="src\commands">
      <UniqueIdentifier>{af383c31-b951-42e8-a2a6-d199cb9dffa8}</UniqueIdentifier>
    </Filter>
  </ItemGroup>
  <ItemGroup>
    <ClInclude Include="src\null-rmlui-renderer-directx9.h">
      <Filter>src</Filter>
    </ClInclude>
    <ClInclude Include="src\null-rmlui-renderer-directx9\mesh\mesh.h">
      <Filter>src\mesh</Filter>
    </ClInclude>
    <ClInclude Include="src\null-rmlui-renderer-directx9\commands\commands.h">
      <Filter>src\commands</Filter>
    </ClInclude>
  </ItemGroup>
  <ItemGroup>
    <ClCompile Include="src\null-rmlui-renderer-directx9\mesh\mesh.cpp">
      <Filter>src\mesh</Filter>
    </ClCompile>
  </ItemGroup>
</Project>