<?xml version="1.0" encoding="utf-8"?>
<Project ToolsVersion="4.0" xmlns="http://schemas.microsoft.com/developer/msbuild/2003">
  <ItemGroup>
    <Filter Include="RmlUi">
      <UniqueIdentifier>{f15c216b-c19f-4dfa-8500-9b425dd453a7}</UniqueIdentifier>
    </Filter>
  </ItemGroup>
  <ItemGroup>
    <None Include="..\README.md" />
    <None Include="..\src\RmlUi\Include\RmlUi\Core\Colour.inl">
      <Filter>RmlUi</Filter>
    </None>
    <None Include="..\src\RmlUi\Include\RmlUi\Core\Element.inl">
      <Filter>RmlUi</Filter>
    </None>
    <None Include="..\src\RmlUi\Include\RmlUi\Core\Matrix4.inl">
      <Filter>RmlUi</Filter>
    </None>
    <None Include="..\src\RmlUi\Include\RmlUi\Core\TypeConverter.inl">
      <Filter>RmlUi</Filter>
    </None>
    <None Include="..\src\RmlUi\Include\RmlUi\Core\Variant.inl">
      <Filter>RmlUi</Filter>
    </None>
    <None Include="..\src\RmlUi\Include\RmlUi\Core\Vector2.inl">
      <Filter>RmlUi</Filter>
    </None>
    <None Include="..\src\RmlUi\Include\RmlUi\Core\Vector3.inl">
      <Filter>RmlUi</Filter>
    </None>
    <None Include="..\src\RmlUi\Include\RmlUi\Core\Vector4.inl">
      <Filter>RmlUi</Filter>
    </None>
    <None Include="..\src\RmlUi\RmlUi\Core\Pool.inl">
      <Filter>RmlUi</Filter>
    </None>
  </ItemGroup>
  <ItemGroup>
    <ClInclude Include="..\src\RmlUi\Include\RmlUi\Config\Config.h">
      <Filter>RmlUi</Filter>
    </ClInclude>
    <ClInclude Include="..\src\RmlUi\Include\RmlUi\Core\Animation.h">
      <Filter>RmlUi</Filter>
    </ClInclude>
    <ClInclude Include="..\src\RmlUi\Include\RmlUi\Core\BaseXMLParser.h">
      <Filter>RmlUi</Filter>
    </ClInclude>
    <ClInclude Include="..\src\RmlUi\Include\RmlUi\Core\Box.h">
      <Filter>RmlUi</Filter>
    </ClInclude>
    <ClInclude Include="..\src\RmlUi\Include\RmlUi\Core\CallbackTexture.h">
      <Filter>RmlUi</Filter>
    </ClInclude>
    <ClInclude Include="..\src\RmlUi\Include\RmlUi\Core\Colour.h">
      <Filter>RmlUi</Filter>
    </ClInclude>
    <ClInclude Include="..\src\RmlUi\Include\RmlUi\Core\CompiledFilterShader.h">
      <Filter>RmlUi</Filter>
    </ClInclude>
    <ClInclude Include="..\src\RmlUi\Include\RmlUi\Core\ComputedValues.h">
      <Filter>RmlUi</Filter>
    </ClInclude>
    <ClInclude Include="..\src\RmlUi\Include\RmlUi\Core\Containers\itlib\flat_map.hpp">
      <Filter>RmlUi</Filter>
    </ClInclude>
    <ClInclude Include="..\src\RmlUi\Include\RmlUi\Core\Containers\itlib\flat_set.hpp">
      <Filter>RmlUi</Filter>
    </ClInclude>
    <ClInclude Include="..\src\RmlUi\Include\RmlUi\Core\Containers\robin_hood.h">
      <Filter>RmlUi</Filter>
    </ClInclude>
    <ClInclude Include="..\src\RmlUi\Include\RmlUi\Core\Context.h">
      <Filter>RmlUi</Filter>
    </ClInclude>
    <ClInclude Include="..\src\RmlUi\Include\RmlUi\Core\ContextInstancer.h">
      <Filter>RmlUi</Filter>
    </ClInclude>
    <ClInclude Include="..\src\RmlUi\Include\RmlUi\Core\ConvolutionFilter.h">
      <Filter>RmlUi</Filter>
    </ClInclude>
    <ClInclude Include="..\src\RmlUi\Include\RmlUi\Core\Core.h">
      <Filter>RmlUi</Filter>
    </ClInclude>
    <ClInclude Include="..\src\RmlUi\Include\RmlUi\Core\DataModelHandle.h">
      <Filter>RmlUi</Filter>
    </ClInclude>
    <ClInclude Include="..\src\RmlUi\Include\RmlUi\Core\DataStructHandle.h">
      <Filter>RmlUi</Filter>
    </ClInclude>
    <ClInclude Include="..\src\RmlUi\Include\RmlUi\Core\DataTypeRegister.h">
      <Filter>RmlUi</Filter>
    </ClInclude>
    <ClInclude Include="..\src\RmlUi\Include\RmlUi\Core\DataTypes.h">
      <Filter>RmlUi</Filter>
    </ClInclude>
    <ClInclude Include="..\src\RmlUi\Include\RmlUi\Core\DataVariable.h">
      <Filter>RmlUi</Filter>
    </ClInclude>
    <ClInclude Include="..\src\RmlUi\Include\RmlUi\Core\Debug.h">
      <Filter>RmlUi</Filter>
    </ClInclude>
    <ClInclude Include="..\src\RmlUi\Include\RmlUi\Core\DecorationTypes.h">
      <Filter>RmlUi</Filter>
    </ClInclude>
    <ClInclude Include="..\src\RmlUi\Include\RmlUi\Core\Decorator.h">
      <Filter>RmlUi</Filter>
    </ClInclude>
    <ClInclude Include="..\src\RmlUi\Include\RmlUi\Core\Dictionary.h">
      <Filter>RmlUi</Filter>
    </ClInclude>
    <ClInclude Include="..\src\RmlUi\Include\RmlUi\Core\EffectSpecification.h">
      <Filter>RmlUi</Filter>
    </ClInclude>
    <ClInclude Include="..\src\RmlUi\Include\RmlUi\Core\Element.h">
      <Filter>RmlUi</Filter>
    </ClInclude>
    <ClInclude Include="..\src\RmlUi\Include\RmlUi\Core\ElementDocument.h">
      <Filter>RmlUi</Filter>
    </ClInclude>
    <ClInclude Include="..\src\RmlUi\Include\RmlUi\Core\ElementInstancer.h">
      <Filter>RmlUi</Filter>
    </ClInclude>
    <ClInclude Include="..\src\RmlUi\Include\RmlUi\Core\Elements\ElementForm.h">
      <Filter>RmlUi</Filter>
    </ClInclude>
    <ClInclude Include="..\src\RmlUi\Include\RmlUi\Core\Elements\ElementFormControl.h">
      <Filter>RmlUi</Filter>
    </ClInclude>
    <ClInclude Include="..\src\RmlUi\Include\RmlUi\Core\Elements\ElementFormControlInput.h">
      <Filter>RmlUi</Filter>
    </ClInclude>
    <ClInclude Include="..\src\RmlUi\Include\RmlUi\Core\Elements\ElementFormControlSelect.h">
      <Filter>RmlUi</Filter>
    </ClInclude>
    <ClInclude Include="..\src\RmlUi\Include\RmlUi\Core\Elements\ElementFormControlTextArea.h">
      <Filter>RmlUi</Filter>
    </ClInclude>
    <ClInclude Include="..\src\RmlUi\Include\RmlUi\Core\Elements\ElementProgress.h">
      <Filter>RmlUi</Filter>
    </ClInclude>
    <ClInclude Include="..\src\RmlUi\Include\RmlUi\Core\Elements\ElementTabSet.h">
      <Filter>RmlUi</Filter>
    </ClInclude>
    <ClInclude Include="..\src\RmlUi\Include\RmlUi\Core\ElementScroll.h">
      <Filter>RmlUi</Filter>
    </ClInclude>
    <ClInclude Include="..\src\RmlUi\Include\RmlUi\Core\ElementText.h">
      <Filter>RmlUi</Filter>
    </ClInclude>
    <ClInclude Include="..\src\RmlUi\Include\RmlUi\Core\ElementUtilities.h">
      <Filter>RmlUi</Filter>
    </ClInclude>
    <ClInclude Include="..\src\RmlUi\Include\RmlUi\Core\Event.h">
      <Filter>RmlUi</Filter>
    </ClInclude>
    <ClInclude Include="..\src\RmlUi\Include\RmlUi\Core\EventInstancer.h">
      <Filter>RmlUi</Filter>
    </ClInclude>
    <ClInclude Include="..\src\RmlUi\Include\RmlUi\Core\EventListener.h">
      <Filter>RmlUi</Filter>
    </ClInclude>
    <ClInclude Include="..\src\RmlUi\Include\RmlUi\Core\EventListenerInstancer.h">
      <Filter>RmlUi</Filter>
    </ClInclude>
    <ClInclude Include="..\src\RmlUi\Include\RmlUi\Core\Factory.h">
      <Filter>RmlUi</Filter>
    </ClInclude>
    <ClInclude Include="..\src\RmlUi\Include\RmlUi\Core\FileInterface.h">
      <Filter>RmlUi</Filter>
    </ClInclude>
    <ClInclude Include="..\src\RmlUi\Include\RmlUi\Core\Filter.h">
      <Filter>RmlUi</Filter>
    </ClInclude>
    <ClInclude Include="..\src\RmlUi\Include\RmlUi\Core\FontEffect.h">
      <Filter>RmlUi</Filter>
    </ClInclude>
    <ClInclude Include="..\src\RmlUi\Include\RmlUi\Core\FontEffectInstancer.h">
      <Filter>RmlUi</Filter>
    </ClInclude>
    <ClInclude Include="..\src\RmlUi\Include\RmlUi\Core\FontEngineInterface.h">
      <Filter>RmlUi</Filter>
    </ClInclude>
    <ClInclude Include="..\src\RmlUi\Include\RmlUi\Core\FontGlyph.h">
      <Filter>RmlUi</Filter>
    </ClInclude>
    <ClInclude Include="..\src\RmlUi\Include\RmlUi\Core\FontMetrics.h">
      <Filter>RmlUi</Filter>
    </ClInclude>
    <ClInclude Include="..\src\RmlUi\Include\RmlUi\Core\Geometry.h">
      <Filter>RmlUi</Filter>
    </ClInclude>
    <ClInclude Include="..\src\RmlUi\Include\RmlUi\Core\Header.h">
      <Filter>RmlUi</Filter>
    </ClInclude>
    <ClInclude Include="..\src\RmlUi\Include\RmlUi\Core\ID.h">
      <Filter>RmlUi</Filter>
    </ClInclude>
    <ClInclude Include="..\src\RmlUi\Include\RmlUi\Core\Input.h">
      <Filter>RmlUi</Filter>
    </ClInclude>
    <ClInclude Include="..\src\RmlUi\Include\RmlUi\Core\Log.h">
      <Filter>RmlUi</Filter>
    </ClInclude>
    <ClInclude Include="..\src\RmlUi\Include\RmlUi\Core\Math.h">
      <Filter>RmlUi</Filter>
    </ClInclude>
    <ClInclude Include="..\src\RmlUi\Include\RmlUi\Core\Matrix4.h">
      <Filter>RmlUi</Filter>
    </ClInclude>
    <ClInclude Include="..\src\RmlUi\Include\RmlUi\Core\Mesh.h">
      <Filter>RmlUi</Filter>
    </ClInclude>
    <ClInclude Include="..\src\RmlUi\Include\RmlUi\Core\MeshUtilities.h">
      <Filter>RmlUi</Filter>
    </ClInclude>
    <ClInclude Include="..\src\RmlUi\Include\RmlUi\Core\NumericValue.h">
      <Filter>RmlUi</Filter>
    </ClInclude>
    <ClInclude Include="..\src\RmlUi\Include\RmlUi\Core\ObserverPtr.h">
      <Filter>RmlUi</Filter>
    </ClInclude>
    <ClInclude Include="..\src\RmlUi\Include\RmlUi\Core\Platform.h">
      <Filter>RmlUi</Filter>
    </ClInclude>
    <ClInclude Include="..\src\RmlUi\Include\RmlUi\Core\Plugin.h">
      <Filter>RmlUi</Filter>
    </ClInclude>
    <ClInclude Include="..\src\RmlUi\Include\RmlUi\Core\Profiling.h">
      <Filter>RmlUi</Filter>
    </ClInclude>
    <ClInclude Include="..\src\RmlUi\Include\RmlUi\Core\PropertiesIteratorView.h">
      <Filter>RmlUi</Filter>
    </ClInclude>
    <ClInclude Include="..\src\RmlUi\Include\RmlUi\Core\Property.h">
      <Filter>RmlUi</Filter>
    </ClInclude>
    <ClInclude Include="..\src\RmlUi\Include\RmlUi\Core\PropertyDefinition.h">
      <Filter>RmlUi</Filter>
    </ClInclude>
    <ClInclude Include="..\src\RmlUi\Include\RmlUi\Core\PropertyDictionary.h">
      <Filter>RmlUi</Filter>
    </ClInclude>
    <ClInclude Include="..\src\RmlUi\Include\RmlUi\Core\PropertyIdSet.h">
      <Filter>RmlUi</Filter>
    </ClInclude>
    <ClInclude Include="..\src\RmlUi\Include\RmlUi\Core\PropertyParser.h">
      <Filter>RmlUi</Filter>
    </ClInclude>
    <ClInclude Include="..\src\RmlUi\Include\RmlUi\Core\PropertySpecification.h">
      <Filter>RmlUi</Filter>
    </ClInclude>
    <ClInclude Include="..\src\RmlUi\Include\RmlUi\Core\Rectangle.h">
      <Filter>RmlUi</Filter>
    </ClInclude>
    <ClInclude Include="..\src\RmlUi\Include\RmlUi\Core\RenderInterface.h">
      <Filter>RmlUi</Filter>
    </ClInclude>
    <ClInclude Include="..\src\RmlUi\Include\RmlUi\Core\RenderInterfaceCompatibility.h">
      <Filter>RmlUi</Filter>
    </ClInclude>
    <ClInclude Include="..\src\RmlUi\Include\RmlUi\Core\RenderManager.h">
      <Filter>RmlUi</Filter>
    </ClInclude>
    <ClInclude Include="..\src\RmlUi\Include\RmlUi\Core\ScriptInterface.h">
      <Filter>RmlUi</Filter>
    </ClInclude>
    <ClInclude Include="..\src\RmlUi\Include\RmlUi\Core\ScrollTypes.h">
      <Filter>RmlUi</Filter>
    </ClInclude>
    <ClInclude Include="..\src\RmlUi\Include\RmlUi\Core\Span.h">
      <Filter>RmlUi</Filter>
    </ClInclude>
    <ClInclude Include="..\src\RmlUi\Include\RmlUi\Core\Spritesheet.h">
      <Filter>RmlUi</Filter>
    </ClInclude>
    <ClInclude Include="..\src\RmlUi\Include\RmlUi\Core\StableVector.h">
      <Filter>RmlUi</Filter>
    </ClInclude>
    <ClInclude Include="..\src\RmlUi\Include\RmlUi\Core\Stream.h">
      <Filter>RmlUi</Filter>
    </ClInclude>
    <ClInclude Include="..\src\RmlUi\Include\RmlUi\Core\StreamMemory.h">
      <Filter>RmlUi</Filter>
    </ClInclude>
    <ClInclude Include="..\src\RmlUi\Include\RmlUi\Core\StringUtilities.h">
      <Filter>RmlUi</Filter>
    </ClInclude>
    <ClInclude Include="..\src\RmlUi\Include\RmlUi\Core\StyleSheet.h">
      <Filter>RmlUi</Filter>
    </ClInclude>
    <ClInclude Include="..\src\RmlUi\Include\RmlUi\Core\StyleSheetContainer.h">
      <Filter>RmlUi</Filter>
    </ClInclude>
    <ClInclude Include="..\src\RmlUi\Include\RmlUi\Core\StyleSheetSpecification.h">
      <Filter>RmlUi</Filter>
    </ClInclude>
    <ClInclude Include="..\src\RmlUi\Include\RmlUi\Core\StyleSheetTypes.h">
      <Filter>RmlUi</Filter>
    </ClInclude>
    <ClInclude Include="..\src\RmlUi\Include\RmlUi\Core\StyleTypes.h">
      <Filter>RmlUi</Filter>
    </ClInclude>
    <ClInclude Include="..\src\RmlUi\Include\RmlUi\Core\SystemInterface.h">
      <Filter>RmlUi</Filter>
    </ClInclude>
    <ClInclude Include="..\src\RmlUi\Include\RmlUi\Core\TextShapingContext.h">
      <Filter>RmlUi</Filter>
    </ClInclude>
    <ClInclude Include="..\src\RmlUi\Include\RmlUi\Core\Texture.h">
      <Filter>RmlUi</Filter>
    </ClInclude>
    <ClInclude Include="..\src\RmlUi\Include\RmlUi\Core\Traits.h">
      <Filter>RmlUi</Filter>
    </ClInclude>
    <ClInclude Include="..\src\RmlUi\Include\RmlUi\Core\Transform.h">
      <Filter>RmlUi</Filter>
    </ClInclude>
    <ClInclude Include="..\src\RmlUi\Include\RmlUi\Core\TransformPrimitive.h">
      <Filter>RmlUi</Filter>
    </ClInclude>
    <ClInclude Include="..\src\RmlUi\Include\RmlUi\Core\Tween.h">
      <Filter>RmlUi</Filter>
    </ClInclude>
    <ClInclude Include="..\src\RmlUi\Include\RmlUi\Core\TypeConverter.h">
      <Filter>RmlUi</Filter>
    </ClInclude>
    <ClInclude Include="..\src\RmlUi\Include\RmlUi\Core\Types.h">
      <Filter>RmlUi</Filter>
    </ClInclude>
    <ClInclude Include="..\src\RmlUi\Include\RmlUi\Core\UniqueRenderResource.h">
      <Filter>RmlUi</Filter>
    </ClInclude>
    <ClInclude Include="..\src\RmlUi\Include\RmlUi\Core\Unit.h">
      <Filter>RmlUi</Filter>
    </ClInclude>
    <ClInclude Include="..\src\RmlUi\Include\RmlUi\Core\URL.h">
      <Filter>RmlUi</Filter>
    </ClInclude>
    <ClInclude Include="..\src\RmlUi\Include\RmlUi\Core\Utilities.h">
      <Filter>RmlUi</Filter>
    </ClInclude>
    <ClInclude Include="..\src\RmlUi\Include\RmlUi\Core\Variant.h">
      <Filter>RmlUi</Filter>
    </ClInclude>
    <ClInclude Include="..\src\RmlUi\Include\RmlUi\Core\Vector2.h">
      <Filter>RmlUi</Filter>
    </ClInclude>
    <ClInclude Include="..\src\RmlUi\Include\RmlUi\Core\Vector3.h">
      <Filter>RmlUi</Filter>
    </ClInclude>
    <ClInclude Include="..\src\RmlUi\Include\RmlUi\Core\Vector4.h">
      <Filter>RmlUi</Filter>
    </ClInclude>
    <ClInclude Include="..\src\RmlUi\Include\RmlUi\Core\Vertex.h">
      <Filter>RmlUi</Filter>
    </ClInclude>
    <ClInclude Include="..\src\RmlUi\Include\RmlUi\Core\XMLNodeHandler.h">
      <Filter>RmlUi</Filter>
    </ClInclude>
    <ClInclude Include="..\src\RmlUi\Include\RmlUi\Core\XMLParser.h">
      <Filter>RmlUi</Filter>
    </ClInclude>
    <ClInclude Include="..\src\RmlUi\Include\RmlUi\Core.h">
      <Filter>RmlUi</Filter>
    </ClInclude>
    <ClInclude Include="..\src\RmlUi\RmlUi\Core\Clock.h">
      <Filter>RmlUi</Filter>
    </ClInclude>
    <ClInclude Include="..\src\RmlUi\RmlUi\Core\ComputeProperty.h">
      <Filter>RmlUi</Filter>
    </ClInclude>
    <ClInclude Include="..\src\RmlUi\RmlUi\Core\ContextInstancerDefault.h">
      <Filter>RmlUi</Filter>
    </ClInclude>
    <ClInclude Include="..\src\RmlUi\RmlUi\Core\DataController.h">
      <Filter>RmlUi</Filter>
    </ClInclude>
    <ClInclude Include="..\src\RmlUi\RmlUi\Core\DataControllerDefault.h">
      <Filter>RmlUi</Filter>
    </ClInclude>
    <ClInclude Include="..\src\RmlUi\RmlUi\Core\DataExpression.h">
      <Filter>RmlUi</Filter>
    </ClInclude>
    <ClInclude Include="..\src\RmlUi\RmlUi\Core\DataModel.h">
      <Filter>RmlUi</Filter>
    </ClInclude>
    <ClInclude Include="..\src\RmlUi\RmlUi\Core\DataView.h">
      <Filter>RmlUi</Filter>
    </ClInclude>
    <ClInclude Include="..\src\RmlUi\RmlUi\Core\DataViewDefault.h">
      <Filter>RmlUi</Filter>
    </ClInclude>
    <ClInclude Include="..\src\RmlUi\RmlUi\Core\DecoratorGradient.h">
      <Filter>RmlUi</Filter>
    </ClInclude>
    <ClInclude Include="..\src\RmlUi\RmlUi\Core\DecoratorNinePatch.h">
      <Filter>RmlUi</Filter>
    </ClInclude>
    <ClInclude Include="..\src\RmlUi\RmlUi\Core\DecoratorShader.h">
      <Filter>RmlUi</Filter>
    </ClInclude>
    <ClInclude Include="..\src\RmlUi\RmlUi\Core\DecoratorTiled.h">
      <Filter>RmlUi</Filter>
    </ClInclude>
    <ClInclude Include="..\src\RmlUi\RmlUi\Core\DecoratorTiledBox.h">
      <Filter>RmlUi</Filter>
    </ClInclude>
    <ClInclude Include="..\src\RmlUi\RmlUi\Core\DecoratorTiledHorizontal.h">
      <Filter>RmlUi</Filter>
    </ClInclude>
    <ClInclude Include="..\src\RmlUi\RmlUi\Core\DecoratorTiledImage.h">
      <Filter>RmlUi</Filter>
    </ClInclude>
    <ClInclude Include="..\src\RmlUi\RmlUi\Core\DecoratorTiledVertical.h">
      <Filter>RmlUi</Filter>
    </ClInclude>
    <ClInclude Include="..\src\RmlUi\RmlUi\Core\DocumentHeader.h">
      <Filter>RmlUi</Filter>
    </ClInclude>
    <ClInclude Include="..\src\RmlUi\RmlUi\Core\ElementAnimation.h">
      <Filter>RmlUi</Filter>
    </ClInclude>
    <ClInclude Include="..\src\RmlUi\RmlUi\Core\ElementBackgroundBorder.h">
      <Filter>RmlUi</Filter>
    </ClInclude>
    <ClInclude Include="..\src\RmlUi\RmlUi\Core\ElementDefinition.h">
      <Filter>RmlUi</Filter>
    </ClInclude>
    <ClInclude Include="..\src\RmlUi\RmlUi\Core\ElementEffects.h">
      <Filter>RmlUi</Filter>
    </ClInclude>
    <ClInclude Include="..\src\RmlUi\RmlUi\Core\ElementHandle.h">
      <Filter>RmlUi</Filter>
    </ClInclude>
    <ClInclude Include="..\src\RmlUi\RmlUi\Core\Elements\ElementImage.h">
      <Filter>RmlUi</Filter>
    </ClInclude>
    <ClInclude Include="..\src\RmlUi\RmlUi\Core\Elements\ElementLabel.h">
      <Filter>RmlUi</Filter>
    </ClInclude>
    <ClInclude Include="..\src\RmlUi\RmlUi\Core\Elements\ElementTextSelection.h">
      <Filter>RmlUi</Filter>
    </ClInclude>
    <ClInclude Include="..\src\RmlUi\RmlUi\Core\Elements\InputType.h">
      <Filter>RmlUi</Filter>
    </ClInclude>
    <ClInclude Include="..\src\RmlUi\RmlUi\Core\Elements\InputTypeButton.h">
      <Filter>RmlUi</Filter>
    </ClInclude>
    <ClInclude Include="..\src\RmlUi\RmlUi\Core\Elements\InputTypeCheckbox.h">
      <Filter>RmlUi</Filter>
    </ClInclude>
    <ClInclude Include="..\src\RmlUi\RmlUi\Core\Elements\InputTypeRadio.h">
      <Filter>RmlUi</Filter>
    </ClInclude>
    <ClInclude Include="..\src\RmlUi\RmlUi\Core\Elements\InputTypeRange.h">
      <Filter>RmlUi</Filter>
    </ClInclude>
    <ClInclude Include="..\src\RmlUi\RmlUi\Core\Elements\InputTypeSubmit.h">
      <Filter>RmlUi</Filter>
    </ClInclude>
    <ClInclude Include="..\src\RmlUi\RmlUi\Core\Elements\InputTypeText.h">
      <Filter>RmlUi</Filter>
    </ClInclude>
    <ClInclude Include="..\src\RmlUi\RmlUi\Core\Elements\WidgetDropDown.h">
      <Filter>RmlUi</Filter>
    </ClInclude>
    <ClInclude Include="..\src\RmlUi\RmlUi\Core\Elements\WidgetSlider.h">
      <Filter>RmlUi</Filter>
    </ClInclude>
    <ClInclude Include="..\src\RmlUi\RmlUi\Core\Elements\WidgetTextInput.h">
      <Filter>RmlUi</Filter>
    </ClInclude>
    <ClInclude Include="..\src\RmlUi\RmlUi\Core\Elements\WidgetTextInputMultiLine.h">
      <Filter>RmlUi</Filter>
    </ClInclude>
    <ClInclude Include="..\src\RmlUi\RmlUi\Core\Elements\WidgetTextInputSingleLine.h">
      <Filter>RmlUi</Filter>
    </ClInclude>
    <ClInclude Include="..\src\RmlUi\RmlUi\Core\Elements\WidgetTextInputSingleLinePassword.h">
      <Filter>RmlUi</Filter>
    </ClInclude>
    <ClInclude Include="..\src\RmlUi\RmlUi\Core\Elements\XMLNodeHandlerSelect.h">
      <Filter>RmlUi</Filter>
    </ClInclude>
    <ClInclude Include="..\src\RmlUi\RmlUi\Core\Elements\XMLNodeHandlerTabSet.h">
      <Filter>RmlUi</Filter>
    </ClInclude>
    <ClInclude Include="..\src\RmlUi\RmlUi\Core\Elements\XMLNodeHandlerTextArea.h">
      <Filter>RmlUi</Filter>
    </ClInclude>
    <ClInclude Include="..\src\RmlUi\RmlUi\Core\ElementStyle.h">
      <Filter>RmlUi</Filter>
    </ClInclude>
    <ClInclude Include="..\src\RmlUi\RmlUi\Core\EventDispatcher.h">
      <Filter>RmlUi</Filter>
    </ClInclude>
    <ClInclude Include="..\src\RmlUi\RmlUi\Core\EventInstancerDefault.h">
      <Filter>RmlUi</Filter>
    </ClInclude>
    <ClInclude Include="..\src\RmlUi\RmlUi\Core\EventSpecification.h">
      <Filter>RmlUi</Filter>
    </ClInclude>
    <ClInclude Include="..\src\RmlUi\RmlUi\Core\FileInterfaceDefault.h">
      <Filter>RmlUi</Filter>
    </ClInclude>
    <ClInclude Include="..\src\RmlUi\RmlUi\Core\FilterBasic.h">
      <Filter>RmlUi</Filter>
    </ClInclude>
    <ClInclude Include="..\src\RmlUi\RmlUi\Core\FilterBlur.h">
      <Filter>RmlUi</Filter>
    </ClInclude>
    <ClInclude Include="..\src\RmlUi\RmlUi\Core\FilterDropShadow.h">
      <Filter>RmlUi</Filter>
    </ClInclude>
    <ClInclude Include="..\src\RmlUi\RmlUi\Core\FontEffectBlur.h">
      <Filter>RmlUi</Filter>
    </ClInclude>
    <ClInclude Include="..\src\RmlUi\RmlUi\Core\FontEffectGlow.h">
      <Filter>RmlUi</Filter>
    </ClInclude>
    <ClInclude Include="..\src\RmlUi\RmlUi\Core\FontEffectOutline.h">
      <Filter>RmlUi</Filter>
    </ClInclude>
    <ClInclude Include="..\src\RmlUi\RmlUi\Core\FontEffectShadow.h">
      <Filter>RmlUi</Filter>
    </ClInclude>
    <ClInclude Include="..\src\RmlUi\RmlUi\Core\FontEngineDefault\FontEngineInterfaceDefault.h">
      <Filter>RmlUi</Filter>
    </ClInclude>
    <ClInclude Include="..\src\RmlUi\RmlUi\Core\FontEngineDefault\FontFace.h">
      <Filter>RmlUi</Filter>
    </ClInclude>
    <ClInclude Include="..\src\RmlUi\RmlUi\Core\FontEngineDefault\FontFaceHandleDefault.h">
      <Filter>RmlUi</Filter>
    </ClInclude>
    <ClInclude Include="..\src\RmlUi\RmlUi\Core\FontEngineDefault\FontFaceLayer.h">
      <Filter>RmlUi</Filter>
    </ClInclude>
    <ClInclude Include="..\src\RmlUi\RmlUi\Core\FontEngineDefault\FontFamily.h">
      <Filter>RmlUi</Filter>
    </ClInclude>
    <ClInclude Include="..\src\RmlUi\RmlUi\Core\FontEngineDefault\FontProvider.h">
      <Filter>RmlUi</Filter>
    </ClInclude>
    <ClInclude Include="..\src\RmlUi\RmlUi\Core\FontEngineDefault\FontTypes.h">
      <Filter>RmlUi</Filter>
    </ClInclude>
    <ClInclude Include="..\src\RmlUi\RmlUi\Core\FontEngineDefault\FreeTypeInterface.h">
      <Filter>RmlUi</Filter>
    </ClInclude>
    <ClInclude Include="..\src\RmlUi\RmlUi\Core\GeometryBackgroundBorder.h">
      <Filter>RmlUi</Filter>
    </ClInclude>
    <ClInclude Include="..\src\RmlUi\RmlUi\Core\GeometryBoxShadow.h">
      <Filter>RmlUi</Filter>
    </ClInclude>
    <ClInclude Include="..\src\RmlUi\RmlUi\Core\IdNameMap.h">
      <Filter>RmlUi</Filter>
    </ClInclude>
    <ClInclude Include="..\src\RmlUi\RmlUi\Core\Layout\BlockContainer.h">
      <Filter>RmlUi</Filter>
    </ClInclude>
    <ClInclude Include="..\src\RmlUi\RmlUi\Core\Layout\BlockFormattingContext.h">
      <Filter>RmlUi</Filter>
    </ClInclude>
    <ClInclude Include="..\src\RmlUi\RmlUi\Core\Layout\ContainerBox.h">
      <Filter>RmlUi</Filter>
    </ClInclude>
    <ClInclude Include="..\src\RmlUi\RmlUi\Core\Layout\FlexFormattingContext.h">
      <Filter>RmlUi</Filter>
    </ClInclude>
    <ClInclude Include="..\src\RmlUi\RmlUi\Core\Layout\FloatedBoxSpace.h">
      <Filter>RmlUi</Filter>
    </ClInclude>
    <ClInclude Include="..\src\RmlUi\RmlUi\Core\Layout\FormattingContext.h">
      <Filter>RmlUi</Filter>
    </ClInclude>
    <ClInclude Include="..\src\RmlUi\RmlUi\Core\Layout\InlineBox.h">
      <Filter>RmlUi</Filter>
    </ClInclude>
    <ClInclude Include="..\src\RmlUi\RmlUi\Core\Layout\InlineContainer.h">
      <Filter>RmlUi</Filter>
    </ClInclude>
    <ClInclude Include="..\src\RmlUi\RmlUi\Core\Layout\InlineLevelBox.h">
      <Filter>RmlUi</Filter>
    </ClInclude>
    <ClInclude Include="..\src\RmlUi\RmlUi\Core\Layout\InlineTypes.h">
      <Filter>RmlUi</Filter>
    </ClInclude>
    <ClInclude Include="..\src\RmlUi\RmlUi\Core\Layout\LayoutBox.h">
      <Filter>RmlUi</Filter>
    </ClInclude>
    <ClInclude Include="..\src\RmlUi\RmlUi\Core\Layout\LayoutDetails.h">
      <Filter>RmlUi</Filter>
    </ClInclude>
    <ClInclude Include="..\src\RmlUi\RmlUi\Core\Layout\LayoutEngine.h">
      <Filter>RmlUi</Filter>
    </ClInclude>
    <ClInclude Include="..\src\RmlUi\RmlUi\Core\Layout\LayoutPools.h">
      <Filter>RmlUi</Filter>
    </ClInclude>
    <ClInclude Include="..\src\RmlUi\RmlUi\Core\Layout\LineBox.h">
      <Filter>RmlUi</Filter>
    </ClInclude>
    <ClInclude Include="..\src\RmlUi\RmlUi\Core\Layout\ReplacedFormattingContext.h">
      <Filter>RmlUi</Filter>
    </ClInclude>
    <ClInclude Include="..\src\RmlUi\RmlUi\Core\Layout\TableFormattingContext.h">
      <Filter>RmlUi</Filter>
    </ClInclude>
    <ClInclude Include="..\src\RmlUi\RmlUi\Core\Layout\TableFormattingDetails.h">
      <Filter>RmlUi</Filter>
    </ClInclude>
    <ClInclude Include="..\src\RmlUi\RmlUi\Core\LogDefault.h">
      <Filter>RmlUi</Filter>
    </ClInclude>
    <ClInclude Include="..\src\RmlUi\RmlUi\Core\Memory.h">
      <Filter>RmlUi</Filter>
    </ClInclude>
    <ClInclude Include="..\src\RmlUi\RmlUi\Core\PluginRegistry.h">
      <Filter>RmlUi</Filter>
    </ClInclude>
    <ClInclude Include="..\src\RmlUi\RmlUi\Core\Pool.h">
      <Filter>RmlUi</Filter>
    </ClInclude>
    <ClInclude Include="..\src\RmlUi\RmlUi\Core\precompiled.h">
      <Filter>RmlUi</Filter>
    </ClInclude>
    <ClInclude Include="..\src\RmlUi\RmlUi\Core\PropertiesIterator.h">
      <Filter>RmlUi</Filter>
    </ClInclude>
    <ClInclude Include="..\src\RmlUi\RmlUi\Core\PropertyParserAnimation.h">
      <Filter>RmlUi</Filter>
    </ClInclude>
    <ClInclude Include="..\src\RmlUi\RmlUi\Core\PropertyParserBoxShadow.h">
      <Filter>RmlUi</Filter>
    </ClInclude>
    <ClInclude Include="..\src\RmlUi\RmlUi\Core\PropertyParserColorStopList.h">
      <Filter>RmlUi</Filter>
    </ClInclude>
    <ClInclude Include="..\src\RmlUi\RmlUi\Core\PropertyParserColour.h">
      <Filter>RmlUi</Filter>
    </ClInclude>
    <ClInclude Include="..\src\RmlUi\RmlUi\Core\PropertyParserDecorator.h">
      <Filter>RmlUi</Filter>
    </ClInclude>
    <ClInclude Include="..\src\RmlUi\RmlUi\Core\PropertyParserFilter.h">
      <Filter>RmlUi</Filter>
    </ClInclude>
    <ClInclude Include="..\src\RmlUi\RmlUi\Core\PropertyParserFontEffect.h">
      <Filter>RmlUi</Filter>
    </ClInclude>
    <ClInclude Include="..\src\RmlUi\RmlUi\Core\PropertyParserKeyword.h">
      <Filter>RmlUi</Filter>
    </ClInclude>
    <ClInclude Include="..\src\RmlUi\RmlUi\Core\PropertyParserNumber.h">
      <Filter>RmlUi</Filter>
    </ClInclude>
    <ClInclude Include="..\src\RmlUi\RmlUi\Core\PropertyParserRatio.h">
      <Filter>RmlUi</Filter>
    </ClInclude>
    <ClInclude Include="..\src\RmlUi\RmlUi\Core\PropertyParserString.h">
      <Filter>RmlUi</Filter>
    </ClInclude>
    <ClInclude Include="..\src\RmlUi\RmlUi\Core\PropertyParserTransform.h">
      <Filter>RmlUi</Filter>
    </ClInclude>
    <ClInclude Include="..\src\RmlUi\RmlUi\Core\PropertyShorthandDefinition.h">
      <Filter>RmlUi</Filter>
    </ClInclude>
    <ClInclude Include="..\src\RmlUi\RmlUi\Core\RenderManagerAccess.h">
      <Filter>RmlUi</Filter>
    </ClInclude>
    <ClInclude Include="..\src\RmlUi\RmlUi\Core\ScrollController.h">
      <Filter>RmlUi</Filter>
    </ClInclude>
    <ClInclude Include="..\src\RmlUi\RmlUi\Core\StreamFile.h">
      <Filter>RmlUi</Filter>
    </ClInclude>
    <ClInclude Include="..\src\RmlUi\RmlUi\Core\StyleSheetFactory.h">
      <Filter>RmlUi</Filter>
    </ClInclude>
    <ClInclude Include="..\src\RmlUi\RmlUi\Core\StyleSheetNode.h">
      <Filter>RmlUi</Filter>
    </ClInclude>
    <ClInclude Include="..\src\RmlUi\RmlUi\Core\StyleSheetParser.h">
      <Filter>RmlUi</Filter>
    </ClInclude>
    <ClInclude Include="..\src\RmlUi\RmlUi\Core\StyleSheetSelector.h">
      <Filter>RmlUi</Filter>
    </ClInclude>
    <ClInclude Include="..\src\RmlUi\RmlUi\Core\Template.h">
      <Filter>RmlUi</Filter>
    </ClInclude>
    <ClInclude Include="..\src\RmlUi\RmlUi\Core\TemplateCache.h">
      <Filter>RmlUi</Filter>
    </ClInclude>
    <ClInclude Include="..\src\RmlUi\RmlUi\Core\TextureDatabase.h">
      <Filter>RmlUi</Filter>
    </ClInclude>
    <ClInclude Include="..\src\RmlUi\RmlUi\Core\TextureLayout.h">
      <Filter>RmlUi</Filter>
    </ClInclude>
    <ClInclude Include="..\src\RmlUi\RmlUi\Core\TextureLayoutRectangle.h">
      <Filter>RmlUi</Filter>
    </ClInclude>
    <ClInclude Include="..\src\RmlUi\RmlUi\Core\TextureLayoutRow.h">
      <Filter>RmlUi</Filter>
    </ClInclude>
    <ClInclude Include="..\src\RmlUi\RmlUi\Core\TextureLayoutTexture.h">
      <Filter>RmlUi</Filter>
    </ClInclude>
    <ClInclude Include="..\src\RmlUi\RmlUi\Core\TransformState.h">
      <Filter>RmlUi</Filter>
    </ClInclude>
    <ClInclude Include="..\src\RmlUi\RmlUi\Core\TransformUtilities.h">
      <Filter>RmlUi</Filter>
    </ClInclude>
    <ClInclude Include="..\src\RmlUi\RmlUi\Core\WidgetScroll.h">
      <Filter>RmlUi</Filter>
    </ClInclude>
    <ClInclude Include="..\src\RmlUi\RmlUi\Core\XMLNodeHandlerBody.h">
      <Filter>RmlUi</Filter>
    </ClInclude>
    <ClInclude Include="..\src\RmlUi\RmlUi\Core\XMLNodeHandlerDefault.h">
      <Filter>RmlUi</Filter>
    </ClInclude>
    <ClInclude Include="..\src\RmlUi\RmlUi\Core\XMLNodeHandlerHead.h">
      <Filter>RmlUi</Filter>
    </ClInclude>
    <ClInclude Include="..\src\RmlUi\RmlUi\Core\XMLNodeHandlerTemplate.h">
      <Filter>RmlUi</Filter>
    </ClInclude>
    <ClInclude Include="..\src\RmlUi\RmlUi\Core\XMLParseTools.h">
      <Filter>RmlUi</Filter>
    </ClInclude>
  </ItemGroup>
  <ItemGroup>
    <ClCompile Include="..\src\RmlUi\RmlUi\Core\BaseXMLParser.cpp">
      <Filter>RmlUi</Filter>
    </ClCompile>
    <ClCompile Include="..\src\RmlUi\RmlUi\Core\Box.cpp">
      <Filter>RmlUi</Filter>
    </ClCompile>
    <ClCompile Include="..\src\RmlUi\RmlUi\Core\CallbackTexture.cpp">
      <Filter>RmlUi</Filter>
    </ClCompile>
    <ClCompile Include="..\src\RmlUi\RmlUi\Core\Clock.cpp">
      <Filter>RmlUi</Filter>
    </ClCompile>
    <ClCompile Include="..\src\RmlUi\RmlUi\Core\CompiledFilterShader.cpp">
      <Filter>RmlUi</Filter>
    </ClCompile>
    <ClCompile Include="..\src\RmlUi\RmlUi\Core\ComputedValues.cpp">
      <Filter>RmlUi</Filter>
    </ClCompile>
    <ClCompile Include="..\src\RmlUi\RmlUi\Core\ComputeProperty.cpp">
      <Filter>RmlUi</Filter>
    </ClCompile>
    <ClCompile Include="..\src\RmlUi\RmlUi\Core\Context.cpp">
      <Filter>RmlUi</Filter>
    </ClCompile>
    <ClCompile Include="..\src\RmlUi\RmlUi\Core\ContextInstancer.cpp">
      <Filter>RmlUi</Filter>
    </ClCompile>
    <ClCompile Include="..\src\RmlUi\RmlUi\Core\ContextInstancerDefault.cpp">
      <Filter>RmlUi</Filter>
    </ClCompile>
    <ClCompile Include="..\src\RmlUi\RmlUi\Core\ConvolutionFilter.cpp">
      <Filter>RmlUi</Filter>
    </ClCompile>
    <ClCompile Include="..\src\RmlUi\RmlUi\Core\Core.cpp">
      <Filter>RmlUi</Filter>
    </ClCompile>
    <ClCompile Include="..\src\RmlUi\RmlUi\Core\DataController.cpp">
      <Filter>RmlUi</Filter>
    </ClCompile>
    <ClCompile Include="..\src\RmlUi\RmlUi\Core\DataControllerDefault.cpp">
      <Filter>RmlUi</Filter>
    </ClCompile>
    <ClCompile Include="..\src\RmlUi\RmlUi\Core\DataExpression.cpp">
      <Filter>RmlUi</Filter>
    </ClCompile>
    <ClCompile Include="..\src\RmlUi\RmlUi\Core\DataModel.cpp">
      <Filter>RmlUi</Filter>
    </ClCompile>
    <ClCompile Include="..\src\RmlUi\RmlUi\Core\DataModelHandle.cpp">
      <Filter>RmlUi</Filter>
    </ClCompile>
    <ClCompile Include="..\src\RmlUi\RmlUi\Core\DataTypeRegister.cpp">
      <Filter>RmlUi</Filter>
    </ClCompile>
    <ClCompile Include="..\src\RmlUi\RmlUi\Core\DataVariable.cpp">
      <Filter>RmlUi</Filter>
    </ClCompile>
    <ClCompile Include="..\src\RmlUi\RmlUi\Core\DataView.cpp">
      <Filter>RmlUi</Filter>
    </ClCompile>
    <ClCompile Include="..\src\RmlUi\RmlUi\Core\DataViewDefault.cpp">
      <Filter>RmlUi</Filter>
    </ClCompile>
    <ClCompile Include="..\src\RmlUi\RmlUi\Core\Decorator.cpp">
      <Filter>RmlUi</Filter>
    </ClCompile>
    <ClCompile Include="..\src\RmlUi\RmlUi\Core\DecoratorGradient.cpp">
      <Filter>RmlUi</Filter>
    </ClCompile>
    <ClCompile Include="..\src\RmlUi\RmlUi\Core\DecoratorNinePatch.cpp">
      <Filter>RmlUi</Filter>
    </ClCompile>
    <ClCompile Include="..\src\RmlUi\RmlUi\Core\DecoratorShader.cpp">
      <Filter>RmlUi</Filter>
    </ClCompile>
    <ClCompile Include="..\src\RmlUi\RmlUi\Core\DecoratorTiled.cpp">
      <Filter>RmlUi</Filter>
    </ClCompile>
    <ClCompile Include="..\src\RmlUi\RmlUi\Core\DecoratorTiledBox.cpp">
      <Filter>RmlUi</Filter>
    </ClCompile>
    <ClCompile Include="..\src\RmlUi\RmlUi\Core\DecoratorTiledHorizontal.cpp">
      <Filter>RmlUi</Filter>
    </ClCompile>
    <ClCompile Include="..\src\RmlUi\RmlUi\Core\DecoratorTiledImage.cpp">
      <Filter>RmlUi</Filter>
    </ClCompile>
    <ClCompile Include="..\src\RmlUi\RmlUi\Core\DecoratorTiledVertical.cpp">
      <Filter>RmlUi</Filter>
    </ClCompile>
    <ClCompile Include="..\src\RmlUi\RmlUi\Core\DocumentHeader.cpp">
      <Filter>RmlUi</Filter>
    </ClCompile>
    <ClCompile Include="..\src\RmlUi\RmlUi\Core\EffectSpecification.cpp">
      <Filter>RmlUi</Filter>
    </ClCompile>
    <ClCompile Include="..\src\RmlUi\RmlUi\Core\Element.cpp">
      <Filter>RmlUi</Filter>
    </ClCompile>
    <ClCompile Include="..\src\RmlUi\RmlUi\Core\ElementAnimation.cpp">
      <Filter>RmlUi</Filter>
    </ClCompile>
    <ClCompile Include="..\src\RmlUi\RmlUi\Core\ElementBackgroundBorder.cpp">
      <Filter>RmlUi</Filter>
    </ClCompile>
    <ClCompile Include="..\src\RmlUi\RmlUi\Core\ElementDefinition.cpp">
      <Filter>RmlUi</Filter>
    </ClCompile>
    <ClCompile Include="..\src\RmlUi\RmlUi\Core\ElementDocument.cpp">
      <Filter>RmlUi</Filter>
    </ClCompile>
    <ClCompile Include="..\src\RmlUi\RmlUi\Core\ElementEffects.cpp">
      <Filter>RmlUi</Filter>
    </ClCompile>
    <ClCompile Include="..\src\RmlUi\RmlUi\Core\ElementHandle.cpp">
      <Filter>RmlUi</Filter>
    </ClCompile>
    <ClCompile Include="..\src\RmlUi\RmlUi\Core\ElementInstancer.cpp">
      <Filter>RmlUi</Filter>
    </ClCompile>
    <ClCompile Include="..\src\RmlUi\RmlUi\Core\Elements\ElementForm.cpp">
      <Filter>RmlUi</Filter>
    </ClCompile>
    <ClCompile Include="..\src\RmlUi\RmlUi\Core\Elements\ElementFormControl.cpp">
      <Filter>RmlUi</Filter>
    </ClCompile>
    <ClCompile Include="..\src\RmlUi\RmlUi\Core\Elements\ElementFormControlInput.cpp">
      <Filter>RmlUi</Filter>
    </ClCompile>
    <ClCompile Include="..\src\RmlUi\RmlUi\Core\Elements\ElementFormControlSelect.cpp">
      <Filter>RmlUi</Filter>
    </ClCompile>
    <ClCompile Include="..\src\RmlUi\RmlUi\Core\Elements\ElementFormControlTextArea.cpp">
      <Filter>RmlUi</Filter>
    </ClCompile>
    <ClCompile Include="..\src\RmlUi\RmlUi\Core\Elements\ElementImage.cpp">
      <Filter>RmlUi</Filter>
    </ClCompile>
    <ClCompile Include="..\src\RmlUi\RmlUi\Core\Elements\ElementLabel.cpp">
      <Filter>RmlUi</Filter>
    </ClCompile>
    <ClCompile Include="..\src\RmlUi\RmlUi\Core\Elements\ElementProgress.cpp">
      <Filter>RmlUi</Filter>
    </ClCompile>
    <ClCompile Include="..\src\RmlUi\RmlUi\Core\Elements\ElementTabSet.cpp">
      <Filter>RmlUi</Filter>
    </ClCompile>
    <ClCompile Include="..\src\RmlUi\RmlUi\Core\Elements\ElementTextSelection.cpp">
      <Filter>RmlUi</Filter>
    </ClCompile>
    <ClCompile Include="..\src\RmlUi\RmlUi\Core\Elements\InputType.cpp">
      <Filter>RmlUi</Filter>
    </ClCompile>
    <ClCompile Include="..\src\RmlUi\RmlUi\Core\Elements\InputTypeButton.cpp">
      <Filter>RmlUi</Filter>
    </ClCompile>
    <ClCompile Include="..\src\RmlUi\RmlUi\Core\Elements\InputTypeCheckbox.cpp">
      <Filter>RmlUi</Filter>
    </ClCompile>
    <ClCompile Include="..\src\RmlUi\RmlUi\Core\Elements\InputTypeRadio.cpp">
      <Filter>RmlUi</Filter>
    </ClCompile>
    <ClCompile Include="..\src\RmlUi\RmlUi\Core\Elements\InputTypeRange.cpp">
      <Filter>RmlUi</Filter>
    </ClCompile>
    <ClCompile Include="..\src\RmlUi\RmlUi\Core\Elements\InputTypeSubmit.cpp">
      <Filter>RmlUi</Filter>
    </ClCompile>
    <ClCompile Include="..\src\RmlUi\RmlUi\Core\Elements\InputTypeText.cpp">
      <Filter>RmlUi</Filter>
    </ClCompile>
    <ClCompile Include="..\src\RmlUi\RmlUi\Core\Elements\WidgetDropDown.cpp">
      <Filter>RmlUi</Filter>
    </ClCompile>
    <ClCompile Include="..\src\RmlUi\RmlUi\Core\Elements\WidgetSlider.cpp">
      <Filter>RmlUi</Filter>
    </ClCompile>
    <ClCompile Include="..\src\RmlUi\RmlUi\Core\Elements\WidgetTextInput.cpp">
      <Filter>RmlUi</Filter>
    </ClCompile>
    <ClCompile Include="..\src\RmlUi\RmlUi\Core\Elements\WidgetTextInputMultiLine.cpp">
      <Filter>RmlUi</Filter>
    </ClCompile>
    <ClCompile Include="..\src\RmlUi\RmlUi\Core\Elements\WidgetTextInputSingleLine.cpp">
      <Filter>RmlUi</Filter>
    </ClCompile>
    <ClCompile Include="..\src\RmlUi\RmlUi\Core\Elements\WidgetTextInputSingleLinePassword.cpp">
      <Filter>RmlUi</Filter>
    </ClCompile>
    <ClCompile Include="..\src\RmlUi\RmlUi\Core\Elements\XMLNodeHandlerSelect.cpp">
      <Filter>RmlUi</Filter>
    </ClCompile>
    <ClCompile Include="..\src\RmlUi\RmlUi\Core\Elements\XMLNodeHandlerTabSet.cpp">
      <Filter>RmlUi</Filter>
    </ClCompile>
    <ClCompile Include="..\src\RmlUi\RmlUi\Core\Elements\XMLNodeHandlerTextArea.cpp">
      <Filter>RmlUi</Filter>
    </ClCompile>
    <ClCompile Include="..\src\RmlUi\RmlUi\Core\ElementScroll.cpp">
      <Filter>RmlUi</Filter>
    </ClCompile>
    <ClCompile Include="..\src\RmlUi\RmlUi\Core\ElementStyle.cpp">
      <Filter>RmlUi</Filter>
    </ClCompile>
    <ClCompile Include="..\src\RmlUi\RmlUi\Core\ElementText.cpp">
      <Filter>RmlUi</Filter>
    </ClCompile>
    <ClCompile Include="..\src\RmlUi\RmlUi\Core\ElementUtilities.cpp">
      <Filter>RmlUi</Filter>
    </ClCompile>
    <ClCompile Include="..\src\RmlUi\RmlUi\Core\Event.cpp">
      <Filter>RmlUi</Filter>
    </ClCompile>
    <ClCompile Include="..\src\RmlUi\RmlUi\Core\EventDispatcher.cpp">
      <Filter>RmlUi</Filter>
    </ClCompile>
    <ClCompile Include="..\src\RmlUi\RmlUi\Core\EventInstancer.cpp">
      <Filter>RmlUi</Filter>
    </ClCompile>
    <ClCompile Include="..\src\RmlUi\RmlUi\Core\EventInstancerDefault.cpp">
      <Filter>RmlUi</Filter>
    </ClCompile>
    <ClCompile Include="..\src\RmlUi\RmlUi\Core\EventListenerInstancer.cpp">
      <Filter>RmlUi</Filter>
    </ClCompile>
    <ClCompile Include="..\src\RmlUi\RmlUi\Core\EventSpecification.cpp">
      <Filter>RmlUi</Filter>
    </ClCompile>
    <ClCompile Include="..\src\RmlUi\RmlUi\Core\Factory.cpp">
      <Filter>RmlUi</Filter>
    </ClCompile>
    <ClCompile Include="..\src\RmlUi\RmlUi\Core\FileInterface.cpp">
      <Filter>RmlUi</Filter>
    </ClCompile>
    <ClCompile Include="..\src\RmlUi\RmlUi\Core\FileInterfaceDefault.cpp">
      <Filter>RmlUi</Filter>
    </ClCompile>
    <ClCompile Include="..\src\RmlUi\RmlUi\Core\Filter.cpp">
      <Filter>RmlUi</Filter>
    </ClCompile>
    <ClCompile Include="..\src\RmlUi\RmlUi\Core\FilterBasic.cpp">
      <Filter>RmlUi</Filter>
    </ClCompile>
    <ClCompile Include="..\src\RmlUi\RmlUi\Core\FilterBlur.cpp">
      <Filter>RmlUi</Filter>
    </ClCompile>
    <ClCompile Include="..\src\RmlUi\RmlUi\Core\FilterDropShadow.cpp">
      <Filter>RmlUi</Filter>
    </ClCompile>
    <ClCompile Include="..\src\RmlUi\RmlUi\Core\FontEffect.cpp">
      <Filter>RmlUi</Filter>
    </ClCompile>
    <ClCompile Include="..\src\RmlUi\RmlUi\Core\FontEffectBlur.cpp">
      <Filter>RmlUi</Filter>
    </ClCompile>
    <ClCompile Include="..\src\RmlUi\RmlUi\Core\FontEffectGlow.cpp">
      <Filter>RmlUi</Filter>
    </ClCompile>
    <ClCompile Include="..\src\RmlUi\RmlUi\Core\FontEffectInstancer.cpp">
      <Filter>RmlUi</Filter>
    </ClCompile>
    <ClCompile Include="..\src\RmlUi\RmlUi\Core\FontEffectOutline.cpp">
      <Filter>RmlUi</Filter>
    </ClCompile>
    <ClCompile Include="..\src\RmlUi\RmlUi\Core\FontEffectShadow.cpp">
      <Filter>RmlUi</Filter>
    </ClCompile>
    <ClCompile Include="..\src\RmlUi\RmlUi\Core\FontEngineDefault\FontEngineInterfaceDefault.cpp">
      <Filter>RmlUi</Filter>
    </ClCompile>
    <ClCompile Include="..\src\RmlUi\RmlUi\Core\FontEngineDefault\FontFace.cpp">
      <Filter>RmlUi</Filter>
    </ClCompile>
    <ClCompile Include="..\src\RmlUi\RmlUi\Core\FontEngineDefault\FontFaceHandleDefault.cpp">
      <Filter>RmlUi</Filter>
    </ClCompile>
    <ClCompile Include="..\src\RmlUi\RmlUi\Core\FontEngineDefault\FontFaceLayer.cpp">
      <Filter>RmlUi</Filter>
    </ClCompile>
    <ClCompile Include="..\src\RmlUi\RmlUi\Core\FontEngineDefault\FontFamily.cpp">
      <Filter>RmlUi</Filter>
    </ClCompile>
    <ClCompile Include="..\src\RmlUi\RmlUi\Core\FontEngineDefault\FontProvider.cpp">
      <Filter>RmlUi</Filter>
    </ClCompile>
    <ClCompile Include="..\src\RmlUi\RmlUi\Core\FontEngineDefault\FreeTypeInterface.cpp">
      <Filter>RmlUi</Filter>
    </ClCompile>
    <ClCompile Include="..\src\RmlUi\RmlUi\Core\FontEngineInterface.cpp">
      <Filter>RmlUi</Filter>
    </ClCompile>
    <ClCompile Include="..\src\RmlUi\RmlUi\Core\Geometry.cpp">
      <Filter>RmlUi</Filter>
    </ClCompile>
    <ClCompile Include="..\src\RmlUi\RmlUi\Core\GeometryBackgroundBorder.cpp">
      <Filter>RmlUi</Filter>
    </ClCompile>
    <ClCompile Include="..\src\RmlUi\RmlUi\Core\GeometryBoxShadow.cpp">
      <Filter>RmlUi</Filter>
    </ClCompile>
    <ClCompile Include="..\src\RmlUi\RmlUi\Core\Layout\BlockContainer.cpp">
      <Filter>RmlUi</Filter>
    </ClCompile>
    <ClCompile Include="..\src\RmlUi\RmlUi\Core\Layout\BlockFormattingContext.cpp">
      <Filter>RmlUi</Filter>
    </ClCompile>
    <ClCompile Include="..\src\RmlUi\RmlUi\Core\Layout\ContainerBox.cpp">
      <Filter>RmlUi</Filter>
    </ClCompile>
    <ClCompile Include="..\src\RmlUi\RmlUi\Core\Layout\FlexFormattingContext.cpp">
      <Filter>RmlUi</Filter>
    </ClCompile>
    <ClCompile Include="..\src\RmlUi\RmlUi\Core\Layout\FloatedBoxSpace.cpp">
      <Filter>RmlUi</Filter>
    </ClCompile>
    <ClCompile Include="..\src\RmlUi\RmlUi\Core\Layout\FormattingContext.cpp">
      <Filter>RmlUi</Filter>
    </ClCompile>
    <ClCompile Include="..\src\RmlUi\RmlUi\Core\Layout\InlineBox.cpp">
      <Filter>RmlUi</Filter>
    </ClCompile>
    <ClCompile Include="..\src\RmlUi\RmlUi\Core\Layout\InlineContainer.cpp">
      <Filter>RmlUi</Filter>
    </ClCompile>
    <ClCompile Include="..\src\RmlUi\RmlUi\Core\Layout\InlineLevelBox.cpp">
      <Filter>RmlUi</Filter>
    </ClCompile>
    <ClCompile Include="..\src\RmlUi\RmlUi\Core\Layout\LayoutBox.cpp">
      <Filter>RmlUi</Filter>
    </ClCompile>
    <ClCompile Include="..\src\RmlUi\RmlUi\Core\Layout\LayoutDetails.cpp">
      <Filter>RmlUi</Filter>
    </ClCompile>
    <ClCompile Include="..\src\RmlUi\RmlUi\Core\Layout\LayoutEngine.cpp">
      <Filter>RmlUi</Filter>
    </ClCompile>
    <ClCompile Include="..\src\RmlUi\RmlUi\Core\Layout\LayoutPools.cpp">
      <Filter>RmlUi</Filter>
    </ClCompile>
    <ClCompile Include="..\src\RmlUi\RmlUi\Core\Layout\LineBox.cpp">
      <Filter>RmlUi</Filter>
    </ClCompile>
    <ClCompile Include="..\src\RmlUi\RmlUi\Core\Layout\ReplacedFormattingContext.cpp">
      <Filter>RmlUi</Filter>
    </ClCompile>
    <ClCompile Include="..\src\RmlUi\RmlUi\Core\Layout\TableFormattingContext.cpp">
      <Filter>RmlUi</Filter>
    </ClCompile>
    <ClCompile Include="..\src\RmlUi\RmlUi\Core\Layout\TableFormattingDetails.cpp">
      <Filter>RmlUi</Filter>
    </ClCompile>
    <ClCompile Include="..\src\RmlUi\RmlUi\Core\Log.cpp">
      <Filter>RmlUi</Filter>
    </ClCompile>
    <ClCompile Include="..\src\RmlUi\RmlUi\Core\LogDefault.cpp">
      <Filter>RmlUi</Filter>
    </ClCompile>
    <ClCompile Include="..\src\RmlUi\RmlUi\Core\Math.cpp">
      <Filter>RmlUi</Filter>
    </ClCompile>
    <ClCompile Include="..\src\RmlUi\RmlUi\Core\Memory.cpp">
      <Filter>RmlUi</Filter>
    </ClCompile>
    <ClCompile Include="..\src\RmlUi\RmlUi\Core\MeshUtilities.cpp">
      <Filter>RmlUi</Filter>
    </ClCompile>
    <ClCompile Include="..\src\RmlUi\RmlUi\Core\ObserverPtr.cpp">
      <Filter>RmlUi</Filter>
    </ClCompile>
    <ClCompile Include="..\src\RmlUi\RmlUi\Core\Plugin.cpp">
      <Filter>RmlUi</Filter>
    </ClCompile>
    <ClCompile Include="..\src\RmlUi\RmlUi\Core\PluginRegistry.cpp">
      <Filter>RmlUi</Filter>
    </ClCompile>
    <ClCompile Include="..\src\RmlUi\RmlUi\Core\Profiling.cpp">
      <Filter>RmlUi</Filter>
    </ClCompile>
    <ClCompile Include="..\src\RmlUi\RmlUi\Core\PropertiesIteratorView.cpp">
      <Filter>RmlUi</Filter>
    </ClCompile>
    <ClCompile Include="..\src\RmlUi\RmlUi\Core\Property.cpp">
      <Filter>RmlUi</Filter>
    </ClCompile>
    <ClCompile Include="..\src\RmlUi\RmlUi\Core\PropertyDefinition.cpp">
      <Filter>RmlUi</Filter>
    </ClCompile>
    <ClCompile Include="..\src\RmlUi\RmlUi\Core\PropertyDictionary.cpp">
      <Filter>RmlUi</Filter>
    </ClCompile>
    <ClCompile Include="..\src\RmlUi\RmlUi\Core\PropertyParserAnimation.cpp">
      <Filter>RmlUi</Filter>
    </ClCompile>
    <ClCompile Include="..\src\RmlUi\RmlUi\Core\PropertyParserBoxShadow.cpp">
      <Filter>RmlUi</Filter>
    </ClCompile>
    <ClCompile Include="..\src\RmlUi\RmlUi\Core\PropertyParserColorStopList.cpp">
      <Filter>RmlUi</Filter>
    </ClCompile>
    <ClCompile Include="..\src\RmlUi\RmlUi\Core\PropertyParserColour.cpp">
      <Filter>RmlUi</Filter>
    </ClCompile>
    <ClCompile Include="..\src\RmlUi\RmlUi\Core\PropertyParserDecorator.cpp">
      <Filter>RmlUi</Filter>
    </ClCompile>
    <ClCompile Include="..\src\RmlUi\RmlUi\Core\PropertyParserFilter.cpp">
      <Filter>RmlUi</Filter>
    </ClCompile>
    <ClCompile Include="..\src\RmlUi\RmlUi\Core\PropertyParserFontEffect.cpp">
      <Filter>RmlUi</Filter>
    </ClCompile>
    <ClCompile Include="..\src\RmlUi\RmlUi\Core\PropertyParserKeyword.cpp">
      <Filter>RmlUi</Filter>
    </ClCompile>
    <ClCompile Include="..\src\RmlUi\RmlUi\Core\PropertyParserNumber.cpp">
      <Filter>RmlUi</Filter>
    </ClCompile>
    <ClCompile Include="..\src\RmlUi\RmlUi\Core\PropertyParserRatio.cpp">
      <Filter>RmlUi</Filter>
    </ClCompile>
    <ClCompile Include="..\src\RmlUi\RmlUi\Core\PropertyParserString.cpp">
      <Filter>RmlUi</Filter>
    </ClCompile>
    <ClCompile Include="..\src\RmlUi\RmlUi\Core\PropertyParserTransform.cpp">
      <Filter>RmlUi</Filter>
    </ClCompile>
    <ClCompile Include="..\src\RmlUi\RmlUi\Core\PropertySpecification.cpp">
      <Filter>RmlUi</Filter>
    </ClCompile>
    <ClCompile Include="..\src\RmlUi\RmlUi\Core\RenderInterface.cpp">
      <Filter>RmlUi</Filter>
    </ClCompile>
    <ClCompile Include="..\src\RmlUi\RmlUi\Core\RenderInterfaceCompatibility.cpp">
      <Filter>RmlUi</Filter>
    </ClCompile>
    <ClCompile Include="..\src\RmlUi\RmlUi\Core\RenderManager.cpp">
      <Filter>RmlUi</Filter>
    </ClCompile>
    <ClCompile Include="..\src\RmlUi\RmlUi\Core\RenderManagerAccess.cpp">
      <Filter>RmlUi</Filter>
    </ClCompile>
    <ClCompile Include="..\src\RmlUi\RmlUi\Core\ScrollController.cpp">
      <Filter>RmlUi</Filter>
    </ClCompile>
    <ClCompile Include="..\src\RmlUi\RmlUi\Core\Spritesheet.cpp">
      <Filter>RmlUi</Filter>
    </ClCompile>
    <ClCompile Include="..\src\RmlUi\RmlUi\Core\Stream.cpp">
      <Filter>RmlUi</Filter>
    </ClCompile>
    <ClCompile Include="..\src\RmlUi\RmlUi\Core\StreamFile.cpp">
      <Filter>RmlUi</Filter>
    </ClCompile>
    <ClCompile Include="..\src\RmlUi\RmlUi\Core\StreamMemory.cpp">
      <Filter>RmlUi</Filter>
    </ClCompile>
    <ClCompile Include="..\src\RmlUi\RmlUi\Core\StringUtilities.cpp">
      <Filter>RmlUi</Filter>
    </ClCompile>
    <ClCompile Include="..\src\RmlUi\RmlUi\Core\StyleSheet.cpp">
      <Filter>RmlUi</Filter>
    </ClCompile>
    <ClCompile Include="..\src\RmlUi\RmlUi\Core\StyleSheetContainer.cpp">
      <Filter>RmlUi</Filter>
    </ClCompile>
    <ClCompile Include="..\src\RmlUi\RmlUi\Core\StyleSheetFactory.cpp">
      <Filter>RmlUi</Filter>
    </ClCompile>
    <ClCompile Include="..\src\RmlUi\RmlUi\Core\StyleSheetNode.cpp">
      <Filter>RmlUi</Filter>
    </ClCompile>
    <ClCompile Include="..\src\RmlUi\RmlUi\Core\StyleSheetParser.cpp">
      <Filter>RmlUi</Filter>
    </ClCompile>
    <ClCompile Include="..\src\RmlUi\RmlUi\Core\StyleSheetSelector.cpp">
      <Filter>RmlUi</Filter>
    </ClCompile>
    <ClCompile Include="..\src\RmlUi\RmlUi\Core\StyleSheetSpecification.cpp">
      <Filter>RmlUi</Filter>
    </ClCompile>
    <ClCompile Include="..\src\RmlUi\RmlUi\Core\SystemInterface.cpp">
      <Filter>RmlUi</Filter>
    </ClCompile>
    <ClCompile Include="..\src\RmlUi\RmlUi\Core\Template.cpp">
      <Filter>RmlUi</Filter>
    </ClCompile>
    <ClCompile Include="..\src\RmlUi\RmlUi\Core\TemplateCache.cpp">
      <Filter>RmlUi</Filter>
    </ClCompile>
    <ClCompile Include="..\src\RmlUi\RmlUi\Core\Texture.cpp">
      <Filter>RmlUi</Filter>
    </ClCompile>
    <ClCompile Include="..\src\RmlUi\RmlUi\Core\TextureDatabase.cpp">
      <Filter>RmlUi</Filter>
    </ClCompile>
    <ClCompile Include="..\src\RmlUi\RmlUi\Core\TextureLayout.cpp">
      <Filter>RmlUi</Filter>
    </ClCompile>
    <ClCompile Include="..\src\RmlUi\RmlUi\Core\TextureLayoutRectangle.cpp">
      <Filter>RmlUi</Filter>
    </ClCompile>
    <ClCompile Include="..\src\RmlUi\RmlUi\Core\TextureLayoutRow.cpp">
      <Filter>RmlUi</Filter>
    </ClCompile>
    <ClCompile Include="..\src\RmlUi\RmlUi\Core\TextureLayoutTexture.cpp">
      <Filter>RmlUi</Filter>
    </ClCompile>
    <ClCompile Include="..\src\RmlUi\RmlUi\Core\Transform.cpp">
      <Filter>RmlUi</Filter>
    </ClCompile>
    <ClCompile Include="..\src\RmlUi\RmlUi\Core\TransformPrimitive.cpp">
      <Filter>RmlUi</Filter>
    </ClCompile>
    <ClCompile Include="..\src\RmlUi\RmlUi\Core\TransformState.cpp">
      <Filter>RmlUi</Filter>
    </ClCompile>
    <ClCompile Include="..\src\RmlUi\RmlUi\Core\TransformUtilities.cpp">
      <Filter>RmlUi</Filter>
    </ClCompile>
    <ClCompile Include="..\src\RmlUi\RmlUi\Core\Tween.cpp">
      <Filter>RmlUi</Filter>
    </ClCompile>
    <ClCompile Include="..\src\RmlUi\RmlUi\Core\TypeConverter.cpp">
      <Filter>RmlUi</Filter>
    </ClCompile>
    <ClCompile Include="..\src\RmlUi\RmlUi\Core\URL.cpp">
      <Filter>RmlUi</Filter>
    </ClCompile>
    <ClCompile Include="..\src\RmlUi\RmlUi\Core\Variant.cpp">
      <Filter>RmlUi</Filter>
    </ClCompile>
    <ClCompile Include="..\src\RmlUi\RmlUi\Core\WidgetScroll.cpp">
      <Filter>RmlUi</Filter>
    </ClCompile>
    <ClCompile Include="..\src\RmlUi\RmlUi\Core\XMLNodeHandler.cpp">
      <Filter>RmlUi</Filter>
    </ClCompile>
    <ClCompile Include="..\src\RmlUi\RmlUi\Core\XMLNodeHandlerBody.cpp">
      <Filter>RmlUi</Filter>
    </ClCompile>
    <ClCompile Include="..\src\RmlUi\RmlUi\Core\XMLNodeHandlerDefault.cpp">
      <Filter>RmlUi</Filter>
    </ClCompile>
    <ClCompile Include="..\src\RmlUi\RmlUi\Core\XMLNodeHandlerHead.cpp">
      <Filter>RmlUi</Filter>
    </ClCompile>
    <ClCompile Include="..\src\RmlUi\RmlUi\Core\XMLNodeHandlerTemplate.cpp">
      <Filter>RmlUi</Filter>
    </ClCompile>
    <ClCompile Include="..\src\RmlUi\RmlUi\Core\XMLParser.cpp">
      <Filter>RmlUi</Filter>
    </ClCompile>
    <ClCompile Include="..\src\RmlUi\RmlUi\Core\XMLParseTools.cpp">
      <Filter>RmlUi</Filter>
    </ClCompile>
  </ItemGroup>
</Project>