<?xml version="1.0" encoding="utf-8"?>
<Project ToolsVersion="4.0" xmlns="http://schemas.microsoft.com/developer/msbuild/2003">
  <ItemGroup>
    <Filter Include="src">
      <UniqueIdentifier>{d11addc5-089b-4237-a3dd-c21f8f81dcf1}</UniqueIdentifier>
    </Filter>
    <Filter Include="src\RmlUi">
      <UniqueIdentifier>{33ea818e-3de7-45f7-8b95-25b1d6f00b8f}</UniqueIdentifier>
    </Filter>
    <Filter Include="src\RmlUi\Elements">
      <UniqueIdentifier>{48cc18ee-cedd-4495-8f95-e60a22d65e96}</UniqueIdentifier>
    </Filter>
  </ItemGroup>
  <ItemGroup>
    <ClInclude Include="src\RmlUi\Colourb.h">
      <Filter>src\RmlUi</Filter>
    </ClInclude>
    <ClInclude Include="src\RmlUi\Colourf.h">
      <Filter>src\RmlUi</Filter>
    </ClInclude>
    <ClInclude Include="src\RmlUi\Context.h">
      <Filter>src\RmlUi</Filter>
    </ClInclude>
    <ClInclude Include="src\RmlUi\ContextDocumentsProxy.h">
      <Filter>src\RmlUi</Filter>
    </ClInclude>
    <ClInclude Include="src\RmlUi\Document.h">
      <Filter>src\RmlUi</Filter>
    </ClInclude>
    <ClInclude Include="src\RmlUi\Element.h">
      <Filter>src\RmlUi</Filter>
    </ClInclude>
    <ClInclude Include="src\RmlUi\ElementAttributesProxy.h">
      <Filter>src\RmlUi</Filter>
    </ClInclude>
    <ClInclude Include="src\RmlUi\ElementChildNodesProxy.h">
      <Filter>src\RmlUi</Filter>
    </ClInclude>
    <ClInclude Include="src\RmlUi\ElementInstancer.h">
      <Filter>src\RmlUi</Filter>
    </ClInclude>
    <ClInclude Include="src\RmlUi\ElementStyleProxy.h">
      <Filter>src\RmlUi</Filter>
    </ClInclude>
    <ClInclude Include="src\RmlUi\ElementText.h">
      <Filter>src\RmlUi</Filter>
    </ClInclude>
    <ClInclude Include="src\RmlUi\Event.h">
      <Filter>src\RmlUi</Filter>
    </ClInclude>
    <ClInclude Include="src\RmlUi\EventParametersProxy.h">
      <Filter>src\RmlUi</Filter>
    </ClInclude>
    <ClInclude Include="src\RmlUi\GlobalLuaFunctions.h">
      <Filter>src\RmlUi</Filter>
    </ClInclude>
    <ClInclude Include="src\RmlUi\Header.h">
      <Filter>src\RmlUi</Filter>
    </ClInclude>
    <ClInclude Include="src\RmlUi\IncludeLua.h">
      <Filter>src\RmlUi</Filter>
    </ClInclude>
    <ClInclude Include="src\RmlUi\Interpreter.h">
      <Filter>src\RmlUi</Filter>
    </ClInclude>
    <ClInclude Include="src\RmlUi\Log.h">
      <Filter>src\RmlUi</Filter>
    </ClInclude>
    <ClInclude Include="src\RmlUi\Lua.h">
      <Filter>src\RmlUi</Filter>
    </ClInclude>
    <ClInclude Include="src\RmlUi\LuaDataModel.h">
      <Filter>src\RmlUi</Filter>
    </ClInclude>
    <ClInclude Include="src\RmlUi\LuaDocument.h">
      <Filter>src\RmlUi</Filter>
    </ClInclude>
    <ClInclude Include="src\RmlUi\LuaDocumentElementInstancer.h">
      <Filter>src\RmlUi</Filter>
    </ClInclude>
    <ClInclude Include="src\RmlUi\LuaElementInstancer.h">
      <Filter>src\RmlUi</Filter>
    </ClInclude>
    <ClInclude Include="src\RmlUi\LuaEventListener.h">
      <Filter>src\RmlUi</Filter>
    </ClInclude>
    <ClInclude Include="src\RmlUi\LuaEventListenerInstancer.h">
      <Filter>src\RmlUi</Filter>
    </ClInclude>
    <ClInclude Include="src\RmlUi\LuaPlugin.h">
      <Filter>src\RmlUi</Filter>
    </ClInclude>
    <ClInclude Include="src\RmlUi\LuaType.h">
      <Filter>src\RmlUi</Filter>
    </ClInclude>
    <ClInclude Include="src\RmlUi\Pairs.h">
      <Filter>src\RmlUi</Filter>
    </ClInclude>
    <ClInclude Include="src\RmlUi\RmlUi.h">
      <Filter>src\RmlUi</Filter>
    </ClInclude>
    <ClInclude Include="src\RmlUi\RmlUiContextsProxy.h">
      <Filter>src\RmlUi</Filter>
    </ClInclude>
    <ClInclude Include="src\RmlUi\Utilities.h">
      <Filter>src\RmlUi</Filter>
    </ClInclude>
    <ClInclude Include="src\RmlUi\Vector2f.h">
      <Filter>src\RmlUi</Filter>
    </ClInclude>
    <ClInclude Include="src\RmlUi\Vector2i.h">
      <Filter>src\RmlUi</Filter>
    </ClInclude>
    <ClInclude Include="src\RmlUi\Elements\As.h">
      <Filter>src\RmlUi\Elements</Filter>
    </ClInclude>
    <ClInclude Include="src\RmlUi\Elements\DataFormatter.h">
      <Filter>src\RmlUi\Elements</Filter>
    </ClInclude>
    <ClInclude Include="src\RmlUi\Elements\DataSource.h">
      <Filter>src\RmlUi\Elements</Filter>
    </ClInclude>
    <ClInclude Include="src\RmlUi\Elements\ElementDataGrid.h">
      <Filter>src\RmlUi\Elements</Filter>
    </ClInclude>
    <ClInclude Include="src\RmlUi\Elements\ElementDataGridRow.h">
      <Filter>src\RmlUi\Elements</Filter>
    </ClInclude>
    <ClInclude Include="src\RmlUi\Elements\ElementForm.h">
      <Filter>src\RmlUi\Elements</Filter>
    </ClInclude>
    <ClInclude Include="src\RmlUi\Elements\ElementFormControl.h">
      <Filter>src\RmlUi\Elements</Filter>
    </ClInclude>
    <ClInclude Include="src\RmlUi\Elements\ElementFormControlDataSelect.h">
      <Filter>src\RmlUi\Elements</Filter>
    </ClInclude>
    <ClInclude Include="src\RmlUi\Elements\ElementFormControlInput.h">
      <Filter>src\RmlUi\Elements</Filter>
    </ClInclude>
    <ClInclude Include="src\RmlUi\Elements\ElementFormControlSelect.h">
      <Filter>src\RmlUi\Elements</Filter>
    </ClInclude>
    <ClInclude Include="src\RmlUi\Elements\ElementFormControlTextArea.h">
      <Filter>src\RmlUi\Elements</Filter>
    </ClInclude>
    <ClInclude Include="src\RmlUi\Elements\ElementTabSet.h">
      <Filter>src\RmlUi\Elements</Filter>
    </ClInclude>
    <ClInclude Include="src\RmlUi\Elements\LuaDataFormatter.h">
      <Filter>src\RmlUi\Elements</Filter>
    </ClInclude>
    <ClInclude Include="src\RmlUi\Elements\LuaDataSource.h">
      <Filter>src\RmlUi\Elements</Filter>
    </ClInclude>
    <ClInclude Include="src\RmlUi\Elements\SelectOptionsProxy.h">
      <Filter>src\RmlUi\Elements</Filter>
    </ClInclude>
    <ClInclude Include="src\null-rmlui-lua.h">
      <Filter>src</Filter>
    </ClInclude>
  </ItemGroup>
  <ItemGroup>
    <ClCompile Include="src\RmlUi\Colourf.cpp">
      <Filter>src\RmlUi</Filter>
    </ClCompile>
    <ClCompile Include="src\RmlUi\Context.cpp">
      <Filter>src\RmlUi</Filter>
    </ClCompile>
    <ClCompile Include="src\RmlUi\ContextDocumentsProxy.cpp">
      <Filter>src\RmlUi</Filter>
    </ClCompile>
    <ClCompile Include="src\RmlUi\Document.cpp">
      <Filter>src\RmlUi</Filter>
    </ClCompile>
    <ClCompile Include="src\RmlUi\Element.cpp">
      <Filter>src\RmlUi</Filter>
    </ClCompile>
    <ClCompile Include="src\RmlUi\ElementAttributesProxy.cpp">
      <Filter>src\RmlUi</Filter>
    </ClCompile>
    <ClCompile Include="src\RmlUi\ElementChildNodesProxy.cpp">
      <Filter>src\RmlUi</Filter>
    </ClCompile>
    <ClCompile Include="src\RmlUi\ElementInstancer.cpp">
      <Filter>src\RmlUi</Filter>
    </ClCompile>
    <ClCompile Include="src\RmlUi\ElementStyleProxy.cpp">
      <Filter>src\RmlUi</Filter>
    </ClCompile>
    <ClCompile Include="src\RmlUi\ElementText.cpp">
      <Filter>src\RmlUi</Filter>
    </ClCompile>
    <ClCompile Include="src\RmlUi\Event.cpp">
      <Filter>src\RmlUi</Filter>
    </ClCompile>
    <ClCompile Include="src\RmlUi\EventParametersProxy.cpp">
      <Filter>src\RmlUi</Filter>
    </ClCompile>
    <ClCompile Include="src\RmlUi\GlobalLuaFunctions.cpp">
      <Filter>src\RmlUi</Filter>
    </ClCompile>
    <ClCompile Include="src\RmlUi\Interpreter.cpp">
      <Filter>src\RmlUi</Filter>
    </ClCompile>
    <ClCompile Include="src\RmlUi\Log.cpp">
      <Filter>src\RmlUi</Filter>
    </ClCompile>
    <ClCompile Include="src\RmlUi\Lua.cpp">
      <Filter>src\RmlUi</Filter>
    </ClCompile>
    <ClCompile Include="src\RmlUi\LuaDataModel.cpp">
      <Filter>src\RmlUi</Filter>
    </ClCompile>
    <ClCompile Include="src\RmlUi\LuaDocument.cpp">
      <Filter>src\RmlUi</Filter>
    </ClCompile>
    <ClCompile Include="src\RmlUi\LuaDocumentElementInstancer.cpp">
      <Filter>src\RmlUi</Filter>
    </ClCompile>
    <ClCompile Include="src\RmlUi\LuaElementInstancer.cpp">
      <Filter>src\RmlUi</Filter>
    </ClCompile>
    <ClCompile Include="src\RmlUi\LuaEventListener.cpp">
      <Filter>src\RmlUi</Filter>
    </ClCompile>
    <ClCompile Include="src\RmlUi\LuaEventListenerInstancer.cpp">
      <Filter>src\RmlUi</Filter>
    </ClCompile>
    <ClCompile Include="src\RmlUi\LuaPlugin.cpp">
      <Filter>src\RmlUi</Filter>
    </ClCompile>
    <ClCompile Include="src\RmlUi\LuaType.cpp">
      <Filter>src\RmlUi</Filter>
    </ClCompile>
    <ClCompile Include="src\RmlUi\RmlUi.cpp">
      <Filter>src\RmlUi</Filter>
    </ClCompile>
    <ClCompile Include="src\RmlUi\RmlUiContextsProxy.cpp">
      <Filter>src\RmlUi</Filter>
    </ClCompile>
    <ClCompile Include="src\RmlUi\Utilities.cpp">
      <Filter>src\RmlUi</Filter>
    </ClCompile>
    <ClCompile Include="src\RmlUi\Vector2f.cpp">
      <Filter>src\RmlUi</Filter>
    </ClCompile>
    <ClCompile Include="src\RmlUi\Vector2i.cpp">
      <Filter>src\RmlUi</Filter>
    </ClCompile>
    <ClCompile Include="src\RmlUi\Colourb.cpp">
      <Filter>src\RmlUi</Filter>
    </ClCompile>
    <ClCompile Include="src\RmlUi\Elements\DataFormatter.cpp">
      <Filter>src\RmlUi\Elements</Filter>
    </ClCompile>
    <ClCompile Include="src\RmlUi\Elements\DataSource.cpp">
      <Filter>src\RmlUi\Elements</Filter>
    </ClCompile>
    <ClCompile Include="src\RmlUi\Elements\ElementDataGrid.cpp">
      <Filter>src\RmlUi\Elements</Filter>
    </ClCompile>
    <ClCompile Include="src\RmlUi\Elements\ElementDataGridRow.cpp">
      <Filter>src\RmlUi\Elements</Filter>
    </ClCompile>
    <ClCompile Include="src\RmlUi\Elements\ElementForm.cpp">
      <Filter>src\RmlUi\Elements</Filter>
    </ClCompile>
    <ClCompile Include="src\RmlUi\Elements\ElementFormControl.cpp">
      <Filter>src\RmlUi\Elements</Filter>
    </ClCompile>
    <ClCompile Include="src\RmlUi\Elements\ElementFormControlDataSelect.cpp">
      <Filter>src\RmlUi\Elements</Filter>
    </ClCompile>
    <ClCompile Include="src\RmlUi\Elements\ElementFormControlInput.cpp">
      <Filter>src\RmlUi\Elements</Filter>
    </ClCompile>
    <ClCompile Include="src\RmlUi\Elements\ElementFormControlSelect.cpp">
      <Filter>src\RmlUi\Elements</Filter>
    </ClCompile>
    <ClCompile Include="src\RmlUi\Elements\ElementFormControlTextArea.cpp">
      <Filter>src\RmlUi\Elements</Filter>
    </ClCompile>
    <ClCompile Include="src\RmlUi\Elements\ElementTabSet.cpp">
      <Filter>src\RmlUi\Elements</Filter>
    </ClCompile>
    <ClCompile Include="src\RmlUi\Elements\LuaDataFormatter.cpp">
      <Filter>src\RmlUi\Elements</Filter>
    </ClCompile>
    <ClCompile Include="src\RmlUi\Elements\LuaDataSource.cpp">
      <Filter>src\RmlUi\Elements</Filter>
    </ClCompile>
    <ClCompile Include="src\RmlUi\Elements\SelectOptionsProxy.cpp">
      <Filter>src\RmlUi\Elements</Filter>
    </ClCompile>
  </ItemGroup>
  <ItemGroup>
    <None Include="src\RmlUi\LuaType.inl">
      <Filter>src\RmlUi</Filter>
    </None>
  </ItemGroup>
</Project>