<?xml version="1.0" encoding="utf-8"?>
<Project ToolsVersion="4.0" xmlns="http://schemas.microsoft.com/developer/msbuild/2003">
  <ItemGroup>
    <Filter Include="src">
      <UniqueIdentifier>{d11addc5-089b-4237-a3dd-c21f8f81dcf1}</UniqueIdentifier>
    </Filter>
  </ItemGroup>
  <ItemGroup>
    <ClCompile Include="src\DebuggerSystemInterface.cpp">
      <Filter>src</Filter>
    </ClCompile>
    <ClCompile Include="src\ElementContextHook.cpp">
      <Filter>src</Filter>
    </ClCompile>
    <ClCompile Include="src\ElementInfo.cpp">
      <Filter>src</Filter>
    </ClCompile>
    <ClCompile Include="src\ElementLog.cpp">
      <Filter>src</Filter>
    </ClCompile>
    <ClCompile Include="src\Geometry.cpp">
      <Filter>src</Filter>
    </ClCompile>
    <ClCompile Include="src\Debugger.cpp">
      <Filter>src</Filter>
    </ClCompile>
    <ClCompile Include="src\DebuggerPlugin.cpp">
      <Filter>src</Filter>
    </ClCompile>
  </ItemGroup>
  <ItemGroup>
    <ClInclude Include="src\DebuggerSystemInterface.h">
      <Filter>src</Filter>
    </ClInclude>
    <ClInclude Include="src\ElementContextHook.h">
      <Filter>src</Filter>
    </ClInclude>
    <ClInclude Include="src\ElementInfo.h">
      <Filter>src</Filter>
    </ClInclude>
    <ClInclude Include="src\ElementLog.h">
      <Filter>src</Filter>
    </ClInclude>
    <ClInclude Include="src\FontSource.h">
      <Filter>src</Filter>
    </ClInclude>
    <ClInclude Include="src\Geometry.h">
      <Filter>src</Filter>
    </ClInclude>
    <ClInclude Include="src\Header.hpp">
      <Filter>src</Filter>
    </ClInclude>
    <ClInclude Include="src\InfoSource.hpp">
      <Filter>src</Filter>
    </ClInclude>
    <ClInclude Include="src\LogSource.hpp">
      <Filter>src</Filter>
    </ClInclude>
    <ClInclude Include="src\MenuSource.hpp">
      <Filter>src</Filter>
    </ClInclude>
    <ClInclude Include="src\BeaconSource.hpp">
      <Filter>src</Filter>
    </ClInclude>
    <ClInclude Include="src\CommonSource.hpp">
      <Filter>src</Filter>
    </ClInclude>
    <ClInclude Include="src\Debugger.h">
      <Filter>src</Filter>
    </ClInclude>
    <ClInclude Include="src\DebuggerPlugin.h">
      <Filter>src</Filter>
    </ClInclude>
  </ItemGroup>
  <ItemGroup>
    <Text Include="src\LICENSE.txt">
      <Filter>src</Filter>
    </Text>
  </ItemGroup>
</Project>